// !$*UTF8*$!
{
	archiveVersion = 1;
	classes = {
	};
	objectVersion = 51;
	objects = {

/* Begin PBXBuildFile section */
		5D910BA3495E89C9997285B0 /* Pods_ConcreteChallenge_BrunoChagas.framework in Frameworks */ = {isa = PBXBuildFile; fileRef = 7CC5F044664AAD7FDB6365F9 /* Pods_ConcreteChallenge_BrunoChagas.framework */; };
		9E32E25022E8BFD600CB4CE4 /* AppDelegate.swift in Sources */ = {isa = PBXBuildFile; fileRef = 9E32E24F22E8BFD600CB4CE4 /* AppDelegate.swift */; };
		9E32E26522E8BFE200CB4CE4 /* ConcreteChallenge_BrunoChagasTests.swift in Sources */ = {isa = PBXBuildFile; fileRef = 9E32E26422E8BFE200CB4CE4 /* ConcreteChallenge_BrunoChagasTests.swift */; };
		9E32E27022E8BFE200CB4CE4 /* ConcreteChallenge_BrunoChagasUITests.swift in Sources */ = {isa = PBXBuildFile; fileRef = 9E32E26F22E8BFE200CB4CE4 /* ConcreteChallenge_BrunoChagasUITests.swift */; };
		9E7B9E8D22ECD51E0072A94B /* MoviesAPIResponse.swift in Sources */ = {isa = PBXBuildFile; fileRef = 9E7B9E8C22ECD51E0072A94B /* MoviesAPIResponse.swift */; };
		9E7B9E9E22EE5B3A0072A94B /* ColorPalette.swift in Sources */ = {isa = PBXBuildFile; fileRef = 9E7B9E9D22EE5B3A0072A94B /* ColorPalette.swift */; };
		9E7B9EA322EF367E0072A94B /* LocalDataSaving.swift in Sources */ = {isa = PBXBuildFile; fileRef = 9E7B9EA222EF367D0072A94B /* LocalDataSaving.swift */; };
		9E7B9EA722EF5C880072A94B /* UserSaves.swift in Sources */ = {isa = PBXBuildFile; fileRef = 9E7B9EA622EF5C880072A94B /* UserSaves.swift */; };
		9E7B9EA922EFE7AF0072A94B /* movieDBImage.png in Resources */ = {isa = PBXBuildFile; fileRef = 9E7B9EA822EFE7AF0072A94B /* movieDBImage.png */; };
		9E7B9F0D22F0C2FF0072A94B /* SearchBarView.swift in Sources */ = {isa = PBXBuildFile; fileRef = 9E7B9EEB22F0C2FF0072A94B /* SearchBarView.swift */; };
		9E7B9F0E22F0C2FF0072A94B /* SearchBarView.xib in Resources */ = {isa = PBXBuildFile; fileRef = 9E7B9EEC22F0C2FF0072A94B /* SearchBarView.xib */; };
		9E7B9F0F22F0C2FF0072A94B /* FavoriteMoviesContract.swift in Sources */ = {isa = PBXBuildFile; fileRef = 9E7B9EEE22F0C2FF0072A94B /* FavoriteMoviesContract.swift */; };
		9E7B9F1022F0C2FF0072A94B /* FavoriteMoviesInteractor.swift in Sources */ = {isa = PBXBuildFile; fileRef = 9E7B9EEF22F0C2FF0072A94B /* FavoriteMoviesInteractor.swift */; };
		9E7B9F1122F0C2FF0072A94B /* FavoriteMoviesRouter.swift in Sources */ = {isa = PBXBuildFile; fileRef = 9E7B9EF022F0C2FF0072A94B /* FavoriteMoviesRouter.swift */; };
		9E7B9F1222F0C2FF0072A94B /* FavoriteMoviesViewController.swift in Sources */ = {isa = PBXBuildFile; fileRef = 9E7B9EF122F0C2FF0072A94B /* FavoriteMoviesViewController.swift */; };
		9E7B9F1322F0C2FF0072A94B /* FavoriteMovies.storyboard in Resources */ = {isa = PBXBuildFile; fileRef = 9E7B9EF222F0C2FF0072A94B /* FavoriteMovies.storyboard */; };
		9E7B9F1422F0C2FF0072A94B /* FavoriteMoviesPresenter.swift in Sources */ = {isa = PBXBuildFile; fileRef = 9E7B9EF322F0C2FF0072A94B /* FavoriteMoviesPresenter.swift */; };
		9E7B9F1522F0C2FF0072A94B /* FavoriteMovieTableViewCell.swift in Sources */ = {isa = PBXBuildFile; fileRef = 9E7B9EF422F0C2FF0072A94B /* FavoriteMovieTableViewCell.swift */; };
		9E7B9F1622F0C2FF0072A94B /* ListMoviesRouter.swift in Sources */ = {isa = PBXBuildFile; fileRef = 9E7B9EF622F0C2FF0072A94B /* ListMoviesRouter.swift */; };
		9E7B9F1722F0C2FF0072A94B /* ListMoviesPresenter.swift in Sources */ = {isa = PBXBuildFile; fileRef = 9E7B9EF722F0C2FF0072A94B /* ListMoviesPresenter.swift */; };
		9E7B9F1822F0C2FF0072A94B /* ListMoviesContract.swift in Sources */ = {isa = PBXBuildFile; fileRef = 9E7B9EF822F0C2FF0072A94B /* ListMoviesContract.swift */; };
		9E7B9F1922F0C2FF0072A94B /* MovieCollectionViewCell.swift in Sources */ = {isa = PBXBuildFile; fileRef = 9E7B9EF922F0C2FF0072A94B /* MovieCollectionViewCell.swift */; };
		9E7B9F1A22F0C2FF0072A94B /* ListMoviesViewController.swift in Sources */ = {isa = PBXBuildFile; fileRef = 9E7B9EFA22F0C2FF0072A94B /* ListMoviesViewController.swift */; };
		9E7B9F1B22F0C2FF0072A94B /* ListMoviesInteractor.swift in Sources */ = {isa = PBXBuildFile; fileRef = 9E7B9EFB22F0C2FF0072A94B /* ListMoviesInteractor.swift */; };
		9E7B9F1C22F0C2FF0072A94B /* ListMovies.storyboard in Resources */ = {isa = PBXBuildFile; fileRef = 9E7B9EFC22F0C2FF0072A94B /* ListMovies.storyboard */; };
		9E7B9F1D22F0C2FF0072A94B /* TabBarController.storyboard in Resources */ = {isa = PBXBuildFile; fileRef = 9E7B9EFD22F0C2FF0072A94B /* TabBarController.storyboard */; };
		9E7B9F1E22F0C2FF0072A94B /* RootRouter.swift in Sources */ = {isa = PBXBuildFile; fileRef = 9E7B9EFF22F0C2FF0072A94B /* RootRouter.swift */; };
		9E7B9F1F22F0C2FF0072A94B /* TabBarController.swift in Sources */ = {isa = PBXBuildFile; fileRef = 9E7B9F0022F0C2FF0072A94B /* TabBarController.swift */; };
		9E7B9F2022F0C2FF0072A94B /* MovieDescriptionPresenter.swift in Sources */ = {isa = PBXBuildFile; fileRef = 9E7B9F0222F0C2FF0072A94B /* MovieDescriptionPresenter.swift */; };
		9E7B9F2122F0C2FF0072A94B /* MovieDescription.storyboard in Resources */ = {isa = PBXBuildFile; fileRef = 9E7B9F0322F0C2FF0072A94B /* MovieDescription.storyboard */; };
		9E7B9F2222F0C2FF0072A94B /* MovieDescriptionContract.swift in Sources */ = {isa = PBXBuildFile; fileRef = 9E7B9F0422F0C2FF0072A94B /* MovieDescriptionContract.swift */; };
		9E7B9F2322F0C2FF0072A94B /* MovieDescriptionRouter.swift in Sources */ = {isa = PBXBuildFile; fileRef = 9E7B9F0522F0C2FF0072A94B /* MovieDescriptionRouter.swift */; };
		9E7B9F2422F0C2FF0072A94B /* MovieDescriptionViewController.swift in Sources */ = {isa = PBXBuildFile; fileRef = 9E7B9F0622F0C2FF0072A94B /* MovieDescriptionViewController.swift */; };
		9E7B9F2522F0C2FF0072A94B /* FilterFavoriteRouter.swift in Sources */ = {isa = PBXBuildFile; fileRef = 9E7B9F0822F0C2FF0072A94B /* FilterFavoriteRouter.swift */; };
		9E7B9F2622F0C2FF0072A94B /* FilterFavoriteContract.swift in Sources */ = {isa = PBXBuildFile; fileRef = 9E7B9F0922F0C2FF0072A94B /* FilterFavoriteContract.swift */; };
		9E7B9F2722F0C2FF0072A94B /* FilterFavoritePresenter.swift in Sources */ = {isa = PBXBuildFile; fileRef = 9E7B9F0A22F0C2FF0072A94B /* FilterFavoritePresenter.swift */; };
		9E7B9F2822F0C2FF0072A94B /* FilterFavorite.storyboard in Resources */ = {isa = PBXBuildFile; fileRef = 9E7B9F0B22F0C2FF0072A94B /* FilterFavorite.storyboard */; };
		9E7B9F2922F0C2FF0072A94B /* FilterFavoriteViewController.swift in Sources */ = {isa = PBXBuildFile; fileRef = 9E7B9F0C22F0C2FF0072A94B /* FilterFavoriteViewController.swift */; };
		9E818CA322E8C9AD001D45E8 /* MovieEntity.swift in Sources */ = {isa = PBXBuildFile; fileRef = 9E818C5722E8C9AD001D45E8 /* MovieEntity.swift */; };
		9E818CA422E8C9AD001D45E8 /* GenreEntity.swift in Sources */ = {isa = PBXBuildFile; fileRef = 9E818C5822E8C9AD001D45E8 /* GenreEntity.swift */; };
		9E818CA522E8C9AD001D45E8 /* Splash@3x.png in Resources */ = {isa = PBXBuildFile; fileRef = 9E818C5B22E8C9AD001D45E8 /* Splash@3x.png */; };
		9E818CA622E8C9AD001D45E8 /* Assets.xcassets in Resources */ = {isa = PBXBuildFile; fileRef = 9E818C5C22E8C9AD001D45E8 /* Assets.xcassets */; };
		9E818CA722E8C9AD001D45E8 /* Icon-40@3x@3x.png in Resources */ = {isa = PBXBuildFile; fileRef = 9E818C5E22E8C9AD001D45E8 /* Icon-40@3x@3x.png */; };
		9E818CA822E8C9AD001D45E8 /* Icon-40@2x@2x.png in Resources */ = {isa = PBXBuildFile; fileRef = 9E818C5F22E8C9AD001D45E8 /* Icon-40@2x@2x.png */; };
		9E818CA922E8C9AD001D45E8 /* Icon-29.png in Resources */ = {isa = PBXBuildFile; fileRef = 9E818C6022E8C9AD001D45E8 /* Icon-29.png */; };
		9E818CAA22E8C9AD001D45E8 /* Icon-76@2x.png in Resources */ = {isa = PBXBuildFile; fileRef = 9E818C6122E8C9AD001D45E8 /* Icon-76@2x.png */; };
		9E818CAB22E8C9AD001D45E8 /* Icon-40@2x.png in Resources */ = {isa = PBXBuildFile; fileRef = 9E818C6222E8C9AD001D45E8 /* Icon-40@2x.png */; };
		9E818CAC22E8C9AD001D45E8 /* Icon-40@3x.png in Resources */ = {isa = PBXBuildFile; fileRef = 9E818C6322E8C9AD001D45E8 /* Icon-40@3x.png */; };
		9E818CAD22E8C9AD001D45E8 /* Icon-76@3x.png in Resources */ = {isa = PBXBuildFile; fileRef = 9E818C6422E8C9AD001D45E8 /* Icon-76@3x.png */; };
		9E818CAE22E8C9AD001D45E8 /* Icon-40@2x@3x.png in Resources */ = {isa = PBXBuildFile; fileRef = 9E818C6522E8C9AD001D45E8 /* Icon-40@2x@3x.png */; };
		9E818CAF22E8C9AD001D45E8 /* Icon-40@3x@2x.png in Resources */ = {isa = PBXBuildFile; fileRef = 9E818C6622E8C9AD001D45E8 /* Icon-40@3x@2x.png */; };
		9E818CB022E8C9AD001D45E8 /* Icon-60@3x.png in Resources */ = {isa = PBXBuildFile; fileRef = 9E818C6722E8C9AD001D45E8 /* Icon-60@3x.png */; };
		9E818CB122E8C9AD001D45E8 /* iTunesArtwork@2x@2x.png in Resources */ = {isa = PBXBuildFile; fileRef = 9E818C6822E8C9AD001D45E8 /* iTunesArtwork@2x@2x.png */; };
		9E818CB222E8C9AD001D45E8 /* Icon-60@2x@2x.png in Resources */ = {isa = PBXBuildFile; fileRef = 9E818C6922E8C9AD001D45E8 /* Icon-60@2x@2x.png */; };
		9E818CB322E8C9AD001D45E8 /* Icon-29@2x.png in Resources */ = {isa = PBXBuildFile; fileRef = 9E818C6A22E8C9AD001D45E8 /* Icon-29@2x.png */; };
		9E818CB422E8C9AD001D45E8 /* Icon-60@3x@3x.png in Resources */ = {isa = PBXBuildFile; fileRef = 9E818C6B22E8C9AD001D45E8 /* Icon-60@3x@3x.png */; };
		9E818CB522E8C9AD001D45E8 /* Icon-76.png in Resources */ = {isa = PBXBuildFile; fileRef = 9E818C6C22E8C9AD001D45E8 /* Icon-76.png */; };
		9E818CB622E8C9AD001D45E8 /* Icon-29@3x@2x.png in Resources */ = {isa = PBXBuildFile; fileRef = 9E818C6D22E8C9AD001D45E8 /* Icon-29@3x@2x.png */; };
		9E818CB722E8C9AD001D45E8 /* Icon-29@2x@3x.png in Resources */ = {isa = PBXBuildFile; fileRef = 9E818C6E22E8C9AD001D45E8 /* Icon-29@2x@3x.png */; };
		9E818CB822E8C9AD001D45E8 /* Icon-83@2x.png in Resources */ = {isa = PBXBuildFile; fileRef = 9E818C6F22E8C9AD001D45E8 /* Icon-83@2x.png */; };
		9E818CB922E8C9AD001D45E8 /* Icon-83@3x.png in Resources */ = {isa = PBXBuildFile; fileRef = 9E818C7022E8C9AD001D45E8 /* Icon-83@3x.png */; };
		9E818CBA22E8C9AD001D45E8 /* Icon-29@2x@2x.png in Resources */ = {isa = PBXBuildFile; fileRef = 9E818C7122E8C9AD001D45E8 /* Icon-29@2x@2x.png */; };
		9E818CBB22E8C9AD001D45E8 /* Icon-29@3x@3x.png in Resources */ = {isa = PBXBuildFile; fileRef = 9E818C7222E8C9AD001D45E8 /* Icon-29@3x@3x.png */; };
		9E818CBC22E8C9AD001D45E8 /* Icon-60@3x@2x.png in Resources */ = {isa = PBXBuildFile; fileRef = 9E818C7322E8C9AD001D45E8 /* Icon-60@3x@2x.png */; };
		9E818CBD22E8C9AD001D45E8 /* Icon-60@2x@3x.png in Resources */ = {isa = PBXBuildFile; fileRef = 9E818C7422E8C9AD001D45E8 /* Icon-60@2x@3x.png */; };
		9E818CBE22E8C9AD001D45E8 /* Icon-29@3x.png in Resources */ = {isa = PBXBuildFile; fileRef = 9E818C7522E8C9AD001D45E8 /* Icon-29@3x.png */; };
		9E818CBF22E8C9AD001D45E8 /* Icon-60@2x.png in Resources */ = {isa = PBXBuildFile; fileRef = 9E818C7622E8C9AD001D45E8 /* Icon-60@2x.png */; };
		9E818CC022E8C9AD001D45E8 /* iTunesArtwork@2x@3x.png in Resources */ = {isa = PBXBuildFile; fileRef = 9E818C7722E8C9AD001D45E8 /* iTunesArtwork@2x@3x.png */; };
		9E818CC122E8C9AD001D45E8 /* Icon-20@3x.png in Resources */ = {isa = PBXBuildFile; fileRef = 9E818C7822E8C9AD001D45E8 /* Icon-20@3x.png */; };
		9E818CC222E8C9AD001D45E8 /* iTunesArtwork@2x.png in Resources */ = {isa = PBXBuildFile; fileRef = 9E818C7922E8C9AD001D45E8 /* iTunesArtwork@2x.png */; };
		9E818CC322E8C9AD001D45E8 /* Icon-83.png in Resources */ = {isa = PBXBuildFile; fileRef = 9E818C7A22E8C9AD001D45E8 /* Icon-83.png */; };
		9E818CC422E8C9AD001D45E8 /* Icon-40.png in Resources */ = {isa = PBXBuildFile; fileRef = 9E818C7B22E8C9AD001D45E8 /* Icon-40.png */; };
		9E818CC522E8C9AD001D45E8 /* Icon-20@2x.png in Resources */ = {isa = PBXBuildFile; fileRef = 9E818C7C22E8C9AD001D45E8 /* Icon-20@2x.png */; };
		9E818CC622E8C9AD001D45E8 /* Icon-76@2x@2x.png in Resources */ = {isa = PBXBuildFile; fileRef = 9E818C7D22E8C9AD001D45E8 /* Icon-76@2x@2x.png */; };
		9E818CC722E8C9AD001D45E8 /* Icon-20.png in Resources */ = {isa = PBXBuildFile; fileRef = 9E818C7E22E8C9AD001D45E8 /* Icon-20.png */; };
		9E818CC822E8C9AD001D45E8 /* Icon-76@2x@3x.png in Resources */ = {isa = PBXBuildFile; fileRef = 9E818C7F22E8C9AD001D45E8 /* Icon-76@2x@3x.png */; };
		9E818CC922E8C9AD001D45E8 /* check_icon.png in Resources */ = {isa = PBXBuildFile; fileRef = 9E818C8122E8C9AD001D45E8 /* check_icon.png */; };
		9E818CCA22E8C9AD001D45E8 /* check_icon@3x.png in Resources */ = {isa = PBXBuildFile; fileRef = 9E818C8222E8C9AD001D45E8 /* check_icon@3x.png */; };
		9E818CCB22E8C9AD001D45E8 /* favorite_full_icon.png in Resources */ = {isa = PBXBuildFile; fileRef = 9E818C8322E8C9AD001D45E8 /* favorite_full_icon.png */; };
		9E818CCC22E8C9AD001D45E8 /* search_icon.png in Resources */ = {isa = PBXBuildFile; fileRef = 9E818C8422E8C9AD001D45E8 /* search_icon.png */; };
		9E818CCD22E8C9AD001D45E8 /* check_icon@2x.png in Resources */ = {isa = PBXBuildFile; fileRef = 9E818C8522E8C9AD001D45E8 /* check_icon@2x.png */; };
		9E818CCE22E8C9AD001D45E8 /* favorite_empty_icon@2x.png in Resources */ = {isa = PBXBuildFile; fileRef = 9E818C8622E8C9AD001D45E8 /* favorite_empty_icon@2x.png */; };
		9E818CCF22E8C9AD001D45E8 /* search_icon@3x.png in Resources */ = {isa = PBXBuildFile; fileRef = 9E818C8722E8C9AD001D45E8 /* search_icon@3x.png */; };
		9E818CD022E8C9AD001D45E8 /* FilterIcon.png in Resources */ = {isa = PBXBuildFile; fileRef = 9E818C8822E8C9AD001D45E8 /* FilterIcon.png */; };
		9E818CD122E8C9AD001D45E8 /* favorite_gray_icon.png in Resources */ = {isa = PBXBuildFile; fileRef = 9E818C8922E8C9AD001D45E8 /* favorite_gray_icon.png */; };
		9E818CD222E8C9AD001D45E8 /* search_icon@2x.png in Resources */ = {isa = PBXBuildFile; fileRef = 9E818C8A22E8C9AD001D45E8 /* search_icon@2x.png */; };
		9E818CD322E8C9AD001D45E8 /* favorite_empty_icon@3x.png in Resources */ = {isa = PBXBuildFile; fileRef = 9E818C8B22E8C9AD001D45E8 /* favorite_empty_icon@3x.png */; };
		9E818CD422E8C9AD001D45E8 /* list_icon@2x.png in Resources */ = {isa = PBXBuildFile; fileRef = 9E818C8C22E8C9AD001D45E8 /* list_icon@2x.png */; };
		9E818CD522E8C9AD001D45E8 /* favorite_gray_icon@2x.png in Resources */ = {isa = PBXBuildFile; fileRef = 9E818C8D22E8C9AD001D45E8 /* favorite_gray_icon@2x.png */; };
		9E818CD622E8C9AD001D45E8 /* favorite_empty_icon.png in Resources */ = {isa = PBXBuildFile; fileRef = 9E818C8E22E8C9AD001D45E8 /* favorite_empty_icon.png */; };
		9E818CD722E8C9AD001D45E8 /* favorite_full_icon@2x.png in Resources */ = {isa = PBXBuildFile; fileRef = 9E818C8F22E8C9AD001D45E8 /* favorite_full_icon@2x.png */; };
		9E818CD822E8C9AD001D45E8 /* list_icon.png in Resources */ = {isa = PBXBuildFile; fileRef = 9E818C9022E8C9AD001D45E8 /* list_icon.png */; };
		9E818CD922E8C9AD001D45E8 /* FilterIcon@2x.png in Resources */ = {isa = PBXBuildFile; fileRef = 9E818C9122E8C9AD001D45E8 /* FilterIcon@2x.png */; };
		9E818CDA22E8C9AD001D45E8 /* FilterIcon@3x.png in Resources */ = {isa = PBXBuildFile; fileRef = 9E818C9222E8C9AD001D45E8 /* FilterIcon@3x.png */; };
		9E818CDB22E8C9AD001D45E8 /* favorite_full_icon@3x.png in Resources */ = {isa = PBXBuildFile; fileRef = 9E818C9322E8C9AD001D45E8 /* favorite_full_icon@3x.png */; };
		9E818CDC22E8C9AD001D45E8 /* favorite_gray_icon@3x.png in Resources */ = {isa = PBXBuildFile; fileRef = 9E818C9422E8C9AD001D45E8 /* favorite_gray_icon@3x.png */; };
		9E818CDD22E8C9AD001D45E8 /* list_icon@3x.png in Resources */ = {isa = PBXBuildFile; fileRef = 9E818C9522E8C9AD001D45E8 /* list_icon@3x.png */; };
		9E818CE522E8C9AD001D45E8 /* LaunchScreen.storyboard in Resources */ = {isa = PBXBuildFile; fileRef = 9E818CA022E8C9AD001D45E8 /* LaunchScreen.storyboard */; };
		9E818CE822E8D064001D45E8 /* APIClient.swift in Sources */ = {isa = PBXBuildFile; fileRef = 9E818CE722E8D064001D45E8 /* APIClient.swift */; };
		9E818CF022E919FA001D45E8 /* PosterEntity.swift in Sources */ = {isa = PBXBuildFile; fileRef = 9E818CEF22E919FA001D45E8 /* PosterEntity.swift */; };
		9E818CF222E9F31C001D45E8 /* EntityContract.swift in Sources */ = {isa = PBXBuildFile; fileRef = 9E818CF122E9F31C001D45E8 /* EntityContract.swift */; };
		C3F45423DC4C6EB82AA95012 /* Pods_ConcreteChallenge_BrunoChagasUITests.framework in Frameworks */ = {isa = PBXBuildFile; fileRef = D9F4F1CBE934E2374759AD0B /* Pods_ConcreteChallenge_BrunoChagasUITests.framework */; };
		D6B8BC0811FE8DE72E676E54 /* Pods_ConcreteChallenge_BrunoChagasTests.framework in Frameworks */ = {isa = PBXBuildFile; fileRef = AEDEF456AB54418368682770 /* Pods_ConcreteChallenge_BrunoChagasTests.framework */; };
/* End PBXBuildFile section */

/* Begin PBXContainerItemProxy section */
		9E32E26122E8BFE200CB4CE4 /* PBXContainerItemProxy */ = {
			isa = PBXContainerItemProxy;
			containerPortal = 9E32E24422E8BFD600CB4CE4 /* Project object */;
			proxyType = 1;
			remoteGlobalIDString = 9E32E24B22E8BFD600CB4CE4;
			remoteInfo = ConcreteChallenge_BrunoChagas;
		};
		9E32E26C22E8BFE200CB4CE4 /* PBXContainerItemProxy */ = {
			isa = PBXContainerItemProxy;
			containerPortal = 9E32E24422E8BFD600CB4CE4 /* Project object */;
			proxyType = 1;
			remoteGlobalIDString = 9E32E24B22E8BFD600CB4CE4;
			remoteInfo = ConcreteChallenge_BrunoChagas;
		};
/* End PBXContainerItemProxy section */

/* Begin PBXFileReference section */
		109F92F899122F84F304AC35 /* Pods-ConcreteChallenge_BrunoChagasUITests.release.xcconfig */ = {isa = PBXFileReference; includeInIndex = 1; lastKnownFileType = text.xcconfig; path = "Pods-ConcreteChallenge_BrunoChagasUITests.release.xcconfig"; sourceTree = "<group>"; };
		3784465B23FC5A21D1534BBC /* Pods-ConcreteChallenge_BrunoChagas.release.xcconfig */ = {isa = PBXFileReference; includeInIndex = 1; lastKnownFileType = text.xcconfig; path = "Pods-ConcreteChallenge_BrunoChagas.release.xcconfig"; sourceTree = "<group>"; };
		461630AA569412338AD81AB8 /* Pods-ConcreteChallenge_BrunoChagasTests.release.xcconfig */ = {isa = PBXFileReference; includeInIndex = 1; lastKnownFileType = text.xcconfig; path = "Pods-ConcreteChallenge_BrunoChagasTests.release.xcconfig"; sourceTree = "<group>"; };
		7CC5F044664AAD7FDB6365F9 /* Pods_ConcreteChallenge_BrunoChagas.framework */ = {isa = PBXFileReference; explicitFileType = wrapper.framework; includeInIndex = 0; path = Pods_ConcreteChallenge_BrunoChagas.framework; sourceTree = BUILT_PRODUCTS_DIR; };
		9E32E24C22E8BFD600CB4CE4 /* ConcreteChallenge_BrunoChagas.app */ = {isa = PBXFileReference; explicitFileType = wrapper.application; includeInIndex = 0; path = ConcreteChallenge_BrunoChagas.app; sourceTree = BUILT_PRODUCTS_DIR; };
		9E32E24F22E8BFD600CB4CE4 /* AppDelegate.swift */ = {isa = PBXFileReference; lastKnownFileType = sourcecode.swift; path = AppDelegate.swift; sourceTree = "<group>"; };
		9E32E25B22E8BFE100CB4CE4 /* Info.plist */ = {isa = PBXFileReference; lastKnownFileType = text.plist.xml; path = Info.plist; sourceTree = "<group>"; };
		9E32E26022E8BFE200CB4CE4 /* ConcreteChallenge_BrunoChagasTests.xctest */ = {isa = PBXFileReference; explicitFileType = wrapper.cfbundle; includeInIndex = 0; path = ConcreteChallenge_BrunoChagasTests.xctest; sourceTree = BUILT_PRODUCTS_DIR; };
		9E32E26422E8BFE200CB4CE4 /* ConcreteChallenge_BrunoChagasTests.swift */ = {isa = PBXFileReference; lastKnownFileType = sourcecode.swift; path = ConcreteChallenge_BrunoChagasTests.swift; sourceTree = "<group>"; };
		9E32E26622E8BFE200CB4CE4 /* Info.plist */ = {isa = PBXFileReference; lastKnownFileType = text.plist.xml; path = Info.plist; sourceTree = "<group>"; };
		9E32E26B22E8BFE200CB4CE4 /* ConcreteChallenge_BrunoChagasUITests.xctest */ = {isa = PBXFileReference; explicitFileType = wrapper.cfbundle; includeInIndex = 0; path = ConcreteChallenge_BrunoChagasUITests.xctest; sourceTree = BUILT_PRODUCTS_DIR; };
		9E32E26F22E8BFE200CB4CE4 /* ConcreteChallenge_BrunoChagasUITests.swift */ = {isa = PBXFileReference; lastKnownFileType = sourcecode.swift; path = ConcreteChallenge_BrunoChagasUITests.swift; sourceTree = "<group>"; };
		9E32E27122E8BFE200CB4CE4 /* Info.plist */ = {isa = PBXFileReference; lastKnownFileType = text.plist.xml; path = Info.plist; sourceTree = "<group>"; };
		9E7B9E8C22ECD51E0072A94B /* MoviesAPIResponse.swift */ = {isa = PBXFileReference; lastKnownFileType = sourcecode.swift; name = MoviesAPIResponse.swift; path = ../../../../../../System/Volumes/Data/Users/brunochagas/ConcreteChallenge_BrunoChagas/ConcreteChallenge_BrunoChagas/Data/Entities/MoviesAPIResponse.swift; sourceTree = "<group>"; };
		9E7B9E9D22EE5B3A0072A94B /* ColorPalette.swift */ = {isa = PBXFileReference; lastKnownFileType = sourcecode.swift; name = ColorPalette.swift; path = ../../../../../../System/Volumes/Data/Users/brunochagas/ConcreteChallenge_BrunoChagas/ConcreteChallenge_BrunoChagas/Data/Entities/ColorPalette.swift; sourceTree = "<group>"; };
		9E7B9EA222EF367D0072A94B /* LocalDataSaving.swift */ = {isa = PBXFileReference; lastKnownFileType = sourcecode.swift; path = LocalDataSaving.swift; sourceTree = "<group>"; };
		9E7B9EA622EF5C880072A94B /* UserSaves.swift */ = {isa = PBXFileReference; lastKnownFileType = sourcecode.swift; name = UserSaves.swift; path = ../../../../../../System/Volumes/Data/Users/brunochagas/ConcreteChallenge_BrunoChagas/ConcreteChallenge_BrunoChagas/Data/Entities/UserSaves.swift; sourceTree = "<group>"; };
		9E7B9EA822EFE7AF0072A94B /* movieDBImage.png */ = {isa = PBXFileReference; lastKnownFileType = image.png; path = movieDBImage.png; sourceTree = "<group>"; };
		9E7B9EEB22F0C2FF0072A94B /* SearchBarView.swift */ = {isa = PBXFileReference; fileEncoding = 4; lastKnownFileType = sourcecode.swift; path = SearchBarView.swift; sourceTree = "<group>"; };
		9E7B9EEC22F0C2FF0072A94B /* SearchBarView.xib */ = {isa = PBXFileReference; fileEncoding = 4; lastKnownFileType = file.xib; path = SearchBarView.xib; sourceTree = "<group>"; };
		9E7B9EEE22F0C2FF0072A94B /* FavoriteMoviesContract.swift */ = {isa = PBXFileReference; fileEncoding = 4; lastKnownFileType = sourcecode.swift; path = FavoriteMoviesContract.swift; sourceTree = "<group>"; };
		9E7B9EEF22F0C2FF0072A94B /* FavoriteMoviesInteractor.swift */ = {isa = PBXFileReference; fileEncoding = 4; lastKnownFileType = sourcecode.swift; path = FavoriteMoviesInteractor.swift; sourceTree = "<group>"; };
		9E7B9EF022F0C2FF0072A94B /* FavoriteMoviesRouter.swift */ = {isa = PBXFileReference; fileEncoding = 4; lastKnownFileType = sourcecode.swift; path = FavoriteMoviesRouter.swift; sourceTree = "<group>"; };
		9E7B9EF122F0C2FF0072A94B /* FavoriteMoviesViewController.swift */ = {isa = PBXFileReference; fileEncoding = 4; lastKnownFileType = sourcecode.swift; path = FavoriteMoviesViewController.swift; sourceTree = "<group>"; };
		9E7B9EF222F0C2FF0072A94B /* FavoriteMovies.storyboard */ = {isa = PBXFileReference; fileEncoding = 4; lastKnownFileType = file.storyboard; path = FavoriteMovies.storyboard; sourceTree = "<group>"; };
		9E7B9EF322F0C2FF0072A94B /* FavoriteMoviesPresenter.swift */ = {isa = PBXFileReference; fileEncoding = 4; lastKnownFileType = sourcecode.swift; path = FavoriteMoviesPresenter.swift; sourceTree = "<group>"; };
		9E7B9EF422F0C2FF0072A94B /* FavoriteMovieTableViewCell.swift */ = {isa = PBXFileReference; fileEncoding = 4; lastKnownFileType = sourcecode.swift; path = FavoriteMovieTableViewCell.swift; sourceTree = "<group>"; };
		9E7B9EF622F0C2FF0072A94B /* ListMoviesRouter.swift */ = {isa = PBXFileReference; fileEncoding = 4; lastKnownFileType = sourcecode.swift; path = ListMoviesRouter.swift; sourceTree = "<group>"; };
		9E7B9EF722F0C2FF0072A94B /* ListMoviesPresenter.swift */ = {isa = PBXFileReference; fileEncoding = 4; lastKnownFileType = sourcecode.swift; path = ListMoviesPresenter.swift; sourceTree = "<group>"; };
		9E7B9EF822F0C2FF0072A94B /* ListMoviesContract.swift */ = {isa = PBXFileReference; fileEncoding = 4; lastKnownFileType = sourcecode.swift; path = ListMoviesContract.swift; sourceTree = "<group>"; };
		9E7B9EF922F0C2FF0072A94B /* MovieCollectionViewCell.swift */ = {isa = PBXFileReference; fileEncoding = 4; lastKnownFileType = sourcecode.swift; path = MovieCollectionViewCell.swift; sourceTree = "<group>"; };
		9E7B9EFA22F0C2FF0072A94B /* ListMoviesViewController.swift */ = {isa = PBXFileReference; fileEncoding = 4; lastKnownFileType = sourcecode.swift; path = ListMoviesViewController.swift; sourceTree = "<group>"; };
		9E7B9EFB22F0C2FF0072A94B /* ListMoviesInteractor.swift */ = {isa = PBXFileReference; fileEncoding = 4; lastKnownFileType = sourcecode.swift; path = ListMoviesInteractor.swift; sourceTree = "<group>"; };
		9E7B9EFC22F0C2FF0072A94B /* ListMovies.storyboard */ = {isa = PBXFileReference; fileEncoding = 4; lastKnownFileType = file.storyboard; path = ListMovies.storyboard; sourceTree = "<group>"; };
		9E7B9EFD22F0C2FF0072A94B /* TabBarController.storyboard */ = {isa = PBXFileReference; fileEncoding = 4; lastKnownFileType = file.storyboard; path = TabBarController.storyboard; sourceTree = "<group>"; };
		9E7B9EFF22F0C2FF0072A94B /* RootRouter.swift */ = {isa = PBXFileReference; fileEncoding = 4; lastKnownFileType = sourcecode.swift; path = RootRouter.swift; sourceTree = "<group>"; };
		9E7B9F0022F0C2FF0072A94B /* TabBarController.swift */ = {isa = PBXFileReference; fileEncoding = 4; lastKnownFileType = sourcecode.swift; path = TabBarController.swift; sourceTree = "<group>"; };
		9E7B9F0222F0C2FF0072A94B /* MovieDescriptionPresenter.swift */ = {isa = PBXFileReference; fileEncoding = 4; lastKnownFileType = sourcecode.swift; path = MovieDescriptionPresenter.swift; sourceTree = "<group>"; };
		9E7B9F0322F0C2FF0072A94B /* MovieDescription.storyboard */ = {isa = PBXFileReference; fileEncoding = 4; lastKnownFileType = file.storyboard; path = MovieDescription.storyboard; sourceTree = "<group>"; };
		9E7B9F0422F0C2FF0072A94B /* MovieDescriptionContract.swift */ = {isa = PBXFileReference; fileEncoding = 4; lastKnownFileType = sourcecode.swift; path = MovieDescriptionContract.swift; sourceTree = "<group>"; };
		9E7B9F0522F0C2FF0072A94B /* MovieDescriptionRouter.swift */ = {isa = PBXFileReference; fileEncoding = 4; lastKnownFileType = sourcecode.swift; path = MovieDescriptionRouter.swift; sourceTree = "<group>"; };
		9E7B9F0622F0C2FF0072A94B /* MovieDescriptionViewController.swift */ = {isa = PBXFileReference; fileEncoding = 4; lastKnownFileType = sourcecode.swift; path = MovieDescriptionViewController.swift; sourceTree = "<group>"; };
		9E7B9F0822F0C2FF0072A94B /* FilterFavoriteRouter.swift */ = {isa = PBXFileReference; fileEncoding = 4; lastKnownFileType = sourcecode.swift; path = FilterFavoriteRouter.swift; sourceTree = "<group>"; };
		9E7B9F0922F0C2FF0072A94B /* FilterFavoriteContract.swift */ = {isa = PBXFileReference; fileEncoding = 4; lastKnownFileType = sourcecode.swift; path = FilterFavoriteContract.swift; sourceTree = "<group>"; };
		9E7B9F0A22F0C2FF0072A94B /* FilterFavoritePresenter.swift */ = {isa = PBXFileReference; fileEncoding = 4; lastKnownFileType = sourcecode.swift; path = FilterFavoritePresenter.swift; sourceTree = "<group>"; };
		9E7B9F0B22F0C2FF0072A94B /* FilterFavorite.storyboard */ = {isa = PBXFileReference; fileEncoding = 4; lastKnownFileType = file.storyboard; path = FilterFavorite.storyboard; sourceTree = "<group>"; };
		9E7B9F0C22F0C2FF0072A94B /* FilterFavoriteViewController.swift */ = {isa = PBXFileReference; fileEncoding = 4; lastKnownFileType = sourcecode.swift; path = FilterFavoriteViewController.swift; sourceTree = "<group>"; };
		9E818C5722E8C9AD001D45E8 /* MovieEntity.swift */ = {isa = PBXFileReference; fileEncoding = 4; lastKnownFileType = sourcecode.swift; path = MovieEntity.swift; sourceTree = "<group>"; };
		9E818C5822E8C9AD001D45E8 /* GenreEntity.swift */ = {isa = PBXFileReference; fileEncoding = 4; lastKnownFileType = sourcecode.swift; path = GenreEntity.swift; sourceTree = "<group>"; };
		9E818C5B22E8C9AD001D45E8 /* Splash@3x.png */ = {isa = PBXFileReference; lastKnownFileType = image.png; path = "Splash@3x.png"; sourceTree = "<group>"; };
		9E818C5C22E8C9AD001D45E8 /* Assets.xcassets */ = {isa = PBXFileReference; lastKnownFileType = folder.assetcatalog; path = Assets.xcassets; sourceTree = "<group>"; };
		9E818C5E22E8C9AD001D45E8 /* Icon-40@3x@3x.png */ = {isa = PBXFileReference; lastKnownFileType = image.png; path = "Icon-40@3x@3x.png"; sourceTree = "<group>"; };
		9E818C5F22E8C9AD001D45E8 /* Icon-40@2x@2x.png */ = {isa = PBXFileReference; lastKnownFileType = image.png; path = "Icon-40@2x@2x.png"; sourceTree = "<group>"; };
		9E818C6022E8C9AD001D45E8 /* Icon-29.png */ = {isa = PBXFileReference; lastKnownFileType = image.png; path = "Icon-29.png"; sourceTree = "<group>"; };
		9E818C6122E8C9AD001D45E8 /* Icon-76@2x.png */ = {isa = PBXFileReference; lastKnownFileType = image.png; path = "Icon-76@2x.png"; sourceTree = "<group>"; };
		9E818C6222E8C9AD001D45E8 /* Icon-40@2x.png */ = {isa = PBXFileReference; lastKnownFileType = image.png; path = "Icon-40@2x.png"; sourceTree = "<group>"; };
		9E818C6322E8C9AD001D45E8 /* Icon-40@3x.png */ = {isa = PBXFileReference; lastKnownFileType = image.png; path = "Icon-40@3x.png"; sourceTree = "<group>"; };
		9E818C6422E8C9AD001D45E8 /* Icon-76@3x.png */ = {isa = PBXFileReference; lastKnownFileType = image.png; path = "Icon-76@3x.png"; sourceTree = "<group>"; };
		9E818C6522E8C9AD001D45E8 /* Icon-40@2x@3x.png */ = {isa = PBXFileReference; lastKnownFileType = image.png; path = "Icon-40@2x@3x.png"; sourceTree = "<group>"; };
		9E818C6622E8C9AD001D45E8 /* Icon-40@3x@2x.png */ = {isa = PBXFileReference; lastKnownFileType = image.png; path = "Icon-40@3x@2x.png"; sourceTree = "<group>"; };
		9E818C6722E8C9AD001D45E8 /* Icon-60@3x.png */ = {isa = PBXFileReference; lastKnownFileType = image.png; path = "Icon-60@3x.png"; sourceTree = "<group>"; };
		9E818C6822E8C9AD001D45E8 /* iTunesArtwork@2x@2x.png */ = {isa = PBXFileReference; lastKnownFileType = image.png; path = "iTunesArtwork@2x@2x.png"; sourceTree = "<group>"; };
		9E818C6922E8C9AD001D45E8 /* Icon-60@2x@2x.png */ = {isa = PBXFileReference; lastKnownFileType = image.png; path = "Icon-60@2x@2x.png"; sourceTree = "<group>"; };
		9E818C6A22E8C9AD001D45E8 /* Icon-29@2x.png */ = {isa = PBXFileReference; lastKnownFileType = image.png; path = "Icon-29@2x.png"; sourceTree = "<group>"; };
		9E818C6B22E8C9AD001D45E8 /* Icon-60@3x@3x.png */ = {isa = PBXFileReference; lastKnownFileType = image.png; path = "Icon-60@3x@3x.png"; sourceTree = "<group>"; };
		9E818C6C22E8C9AD001D45E8 /* Icon-76.png */ = {isa = PBXFileReference; lastKnownFileType = image.png; path = "Icon-76.png"; sourceTree = "<group>"; };
		9E818C6D22E8C9AD001D45E8 /* Icon-29@3x@2x.png */ = {isa = PBXFileReference; lastKnownFileType = image.png; path = "Icon-29@3x@2x.png"; sourceTree = "<group>"; };
		9E818C6E22E8C9AD001D45E8 /* Icon-29@2x@3x.png */ = {isa = PBXFileReference; lastKnownFileType = image.png; path = "Icon-29@2x@3x.png"; sourceTree = "<group>"; };
		9E818C6F22E8C9AD001D45E8 /* Icon-83@2x.png */ = {isa = PBXFileReference; lastKnownFileType = image.png; path = "Icon-83@2x.png"; sourceTree = "<group>"; };
		9E818C7022E8C9AD001D45E8 /* Icon-83@3x.png */ = {isa = PBXFileReference; lastKnownFileType = image.png; path = "Icon-83@3x.png"; sourceTree = "<group>"; };
		9E818C7122E8C9AD001D45E8 /* Icon-29@2x@2x.png */ = {isa = PBXFileReference; lastKnownFileType = image.png; path = "Icon-29@2x@2x.png"; sourceTree = "<group>"; };
		9E818C7222E8C9AD001D45E8 /* Icon-29@3x@3x.png */ = {isa = PBXFileReference; lastKnownFileType = image.png; path = "Icon-29@3x@3x.png"; sourceTree = "<group>"; };
		9E818C7322E8C9AD001D45E8 /* Icon-60@3x@2x.png */ = {isa = PBXFileReference; lastKnownFileType = image.png; path = "Icon-60@3x@2x.png"; sourceTree = "<group>"; };
		9E818C7422E8C9AD001D45E8 /* Icon-60@2x@3x.png */ = {isa = PBXFileReference; lastKnownFileType = image.png; path = "Icon-60@2x@3x.png"; sourceTree = "<group>"; };
		9E818C7522E8C9AD001D45E8 /* Icon-29@3x.png */ = {isa = PBXFileReference; lastKnownFileType = image.png; path = "Icon-29@3x.png"; sourceTree = "<group>"; };
		9E818C7622E8C9AD001D45E8 /* Icon-60@2x.png */ = {isa = PBXFileReference; lastKnownFileType = image.png; path = "Icon-60@2x.png"; sourceTree = "<group>"; };
		9E818C7722E8C9AD001D45E8 /* iTunesArtwork@2x@3x.png */ = {isa = PBXFileReference; lastKnownFileType = image.png; path = "iTunesArtwork@2x@3x.png"; sourceTree = "<group>"; };
		9E818C7822E8C9AD001D45E8 /* Icon-20@3x.png */ = {isa = PBXFileReference; lastKnownFileType = image.png; path = "Icon-20@3x.png"; sourceTree = "<group>"; };
		9E818C7922E8C9AD001D45E8 /* iTunesArtwork@2x.png */ = {isa = PBXFileReference; lastKnownFileType = image.png; path = "iTunesArtwork@2x.png"; sourceTree = "<group>"; };
		9E818C7A22E8C9AD001D45E8 /* Icon-83.png */ = {isa = PBXFileReference; lastKnownFileType = image.png; path = "Icon-83.png"; sourceTree = "<group>"; };
		9E818C7B22E8C9AD001D45E8 /* Icon-40.png */ = {isa = PBXFileReference; lastKnownFileType = image.png; path = "Icon-40.png"; sourceTree = "<group>"; };
		9E818C7C22E8C9AD001D45E8 /* Icon-20@2x.png */ = {isa = PBXFileReference; lastKnownFileType = image.png; path = "Icon-20@2x.png"; sourceTree = "<group>"; };
		9E818C7D22E8C9AD001D45E8 /* Icon-76@2x@2x.png */ = {isa = PBXFileReference; lastKnownFileType = image.png; path = "Icon-76@2x@2x.png"; sourceTree = "<group>"; };
		9E818C7E22E8C9AD001D45E8 /* Icon-20.png */ = {isa = PBXFileReference; lastKnownFileType = image.png; path = "Icon-20.png"; sourceTree = "<group>"; };
		9E818C7F22E8C9AD001D45E8 /* Icon-76@2x@3x.png */ = {isa = PBXFileReference; lastKnownFileType = image.png; path = "Icon-76@2x@3x.png"; sourceTree = "<group>"; };
		9E818C8122E8C9AD001D45E8 /* check_icon.png */ = {isa = PBXFileReference; lastKnownFileType = image.png; path = check_icon.png; sourceTree = "<group>"; };
		9E818C8222E8C9AD001D45E8 /* check_icon@3x.png */ = {isa = PBXFileReference; lastKnownFileType = image.png; path = "check_icon@3x.png"; sourceTree = "<group>"; };
		9E818C8322E8C9AD001D45E8 /* favorite_full_icon.png */ = {isa = PBXFileReference; lastKnownFileType = image.png; path = favorite_full_icon.png; sourceTree = "<group>"; };
		9E818C8422E8C9AD001D45E8 /* search_icon.png */ = {isa = PBXFileReference; lastKnownFileType = image.png; path = search_icon.png; sourceTree = "<group>"; };
		9E818C8522E8C9AD001D45E8 /* check_icon@2x.png */ = {isa = PBXFileReference; lastKnownFileType = image.png; path = "check_icon@2x.png"; sourceTree = "<group>"; };
		9E818C8622E8C9AD001D45E8 /* favorite_empty_icon@2x.png */ = {isa = PBXFileReference; lastKnownFileType = image.png; path = "favorite_empty_icon@2x.png"; sourceTree = "<group>"; };
		9E818C8722E8C9AD001D45E8 /* search_icon@3x.png */ = {isa = PBXFileReference; lastKnownFileType = image.png; path = "search_icon@3x.png"; sourceTree = "<group>"; };
		9E818C8822E8C9AD001D45E8 /* FilterIcon.png */ = {isa = PBXFileReference; lastKnownFileType = image.png; path = FilterIcon.png; sourceTree = "<group>"; };
		9E818C8922E8C9AD001D45E8 /* favorite_gray_icon.png */ = {isa = PBXFileReference; lastKnownFileType = image.png; path = favorite_gray_icon.png; sourceTree = "<group>"; };
		9E818C8A22E8C9AD001D45E8 /* search_icon@2x.png */ = {isa = PBXFileReference; lastKnownFileType = image.png; path = "search_icon@2x.png"; sourceTree = "<group>"; };
		9E818C8B22E8C9AD001D45E8 /* favorite_empty_icon@3x.png */ = {isa = PBXFileReference; lastKnownFileType = image.png; path = "favorite_empty_icon@3x.png"; sourceTree = "<group>"; };
		9E818C8C22E8C9AD001D45E8 /* list_icon@2x.png */ = {isa = PBXFileReference; lastKnownFileType = image.png; path = "list_icon@2x.png"; sourceTree = "<group>"; };
		9E818C8D22E8C9AD001D45E8 /* favorite_gray_icon@2x.png */ = {isa = PBXFileReference; lastKnownFileType = image.png; path = "favorite_gray_icon@2x.png"; sourceTree = "<group>"; };
		9E818C8E22E8C9AD001D45E8 /* favorite_empty_icon.png */ = {isa = PBXFileReference; lastKnownFileType = image.png; path = favorite_empty_icon.png; sourceTree = "<group>"; };
		9E818C8F22E8C9AD001D45E8 /* favorite_full_icon@2x.png */ = {isa = PBXFileReference; lastKnownFileType = image.png; path = "favorite_full_icon@2x.png"; sourceTree = "<group>"; };
		9E818C9022E8C9AD001D45E8 /* list_icon.png */ = {isa = PBXFileReference; lastKnownFileType = image.png; path = list_icon.png; sourceTree = "<group>"; };
		9E818C9122E8C9AD001D45E8 /* FilterIcon@2x.png */ = {isa = PBXFileReference; lastKnownFileType = image.png; path = "FilterIcon@2x.png"; sourceTree = "<group>"; };
		9E818C9222E8C9AD001D45E8 /* FilterIcon@3x.png */ = {isa = PBXFileReference; lastKnownFileType = image.png; path = "FilterIcon@3x.png"; sourceTree = "<group>"; };
		9E818C9322E8C9AD001D45E8 /* favorite_full_icon@3x.png */ = {isa = PBXFileReference; lastKnownFileType = image.png; path = "favorite_full_icon@3x.png"; sourceTree = "<group>"; };
		9E818C9422E8C9AD001D45E8 /* favorite_gray_icon@3x.png */ = {isa = PBXFileReference; lastKnownFileType = image.png; path = "favorite_gray_icon@3x.png"; sourceTree = "<group>"; };
		9E818C9522E8C9AD001D45E8 /* list_icon@3x.png */ = {isa = PBXFileReference; lastKnownFileType = image.png; path = "list_icon@3x.png"; sourceTree = "<group>"; };
		9E818CA122E8C9AD001D45E8 /* Base */ = {isa = PBXFileReference; lastKnownFileType = file.storyboard; name = Base; path = Base.lproj/LaunchScreen.storyboard; sourceTree = "<group>"; };
		9E818CE722E8D064001D45E8 /* APIClient.swift */ = {isa = PBXFileReference; lastKnownFileType = sourcecode.swift; name = APIClient.swift; path = ../../../../../../System/Volumes/Data/Users/brunochagas/ConcreteChallenge_BrunoChagas/ConcreteChallenge_BrunoChagas/Data/API/APIClient.swift; sourceTree = "<group>"; };
		9E818CEF22E919FA001D45E8 /* PosterEntity.swift */ = {isa = PBXFileReference; lastKnownFileType = sourcecode.swift; name = PosterEntity.swift; path = ../../../../../../System/Volumes/Data/Users/brunochagas/ConcreteChallenge_BrunoChagas/ConcreteChallenge_BrunoChagas/Data/Entities/PosterEntity.swift; sourceTree = "<group>"; };
		9E818CF122E9F31C001D45E8 /* EntityContract.swift */ = {isa = PBXFileReference; lastKnownFileType = sourcecode.swift; name = EntityContract.swift; path = ../../../../../../System/Volumes/Data/Users/brunochagas/ConcreteChallenge_BrunoChagas/ConcreteChallenge_BrunoChagas/Data/Entities/EntityContract.swift; sourceTree = "<group>"; };
		A35BEBEE8D920AA375D35246 /* Pods-ConcreteChallenge_BrunoChagas.debug.xcconfig */ = {isa = PBXFileReference; includeInIndex = 1; lastKnownFileType = text.xcconfig; path = "Pods-ConcreteChallenge_BrunoChagas.debug.xcconfig"; sourceTree = "<group>"; };
		A6189BB845D7A23FBD79FE08 /* Pods-ConcreteChallenge_BrunoChagasUITests.debug.xcconfig */ = {isa = PBXFileReference; includeInIndex = 1; lastKnownFileType = text.xcconfig; path = "Pods-ConcreteChallenge_BrunoChagasUITests.debug.xcconfig"; sourceTree = "<group>"; };
		AEDEF456AB54418368682770 /* Pods_ConcreteChallenge_BrunoChagasTests.framework */ = {isa = PBXFileReference; explicitFileType = wrapper.framework; includeInIndex = 0; path = Pods_ConcreteChallenge_BrunoChagasTests.framework; sourceTree = BUILT_PRODUCTS_DIR; };
		D9F4F1CBE934E2374759AD0B /* Pods_ConcreteChallenge_BrunoChagasUITests.framework */ = {isa = PBXFileReference; explicitFileType = wrapper.framework; includeInIndex = 0; path = Pods_ConcreteChallenge_BrunoChagasUITests.framework; sourceTree = BUILT_PRODUCTS_DIR; };
		FE546DF162D21AA716E23A64 /* Pods-ConcreteChallenge_BrunoChagasTests.debug.xcconfig */ = {isa = PBXFileReference; includeInIndex = 1; lastKnownFileType = text.xcconfig; path = "Pods-ConcreteChallenge_BrunoChagasTests.debug.xcconfig"; sourceTree = "<group>"; };
/* End PBXFileReference section */

/* Begin PBXFrameworksBuildPhase section */
		9E32E24922E8BFD600CB4CE4 /* Frameworks */ = {
			isa = PBXFrameworksBuildPhase;
			buildActionMask = 2147483647;
			files = (
				5D910BA3495E89C9997285B0 /* Pods_ConcreteChallenge_BrunoChagas.framework in Frameworks */,
			);
			runOnlyForDeploymentPostprocessing = 0;
		};
		9E32E25D22E8BFE200CB4CE4 /* Frameworks */ = {
			isa = PBXFrameworksBuildPhase;
			buildActionMask = 2147483647;
			files = (
				D6B8BC0811FE8DE72E676E54 /* Pods_ConcreteChallenge_BrunoChagasTests.framework in Frameworks */,
			);
			runOnlyForDeploymentPostprocessing = 0;
		};
		9E32E26822E8BFE200CB4CE4 /* Frameworks */ = {
			isa = PBXFrameworksBuildPhase;
			buildActionMask = 2147483647;
			files = (
				C3F45423DC4C6EB82AA95012 /* Pods_ConcreteChallenge_BrunoChagasUITests.framework in Frameworks */,
			);
			runOnlyForDeploymentPostprocessing = 0;
		};
/* End PBXFrameworksBuildPhase section */

/* Begin PBXGroup section */
		93E1A728379DDF4E6E4235D5 /* Pods */ = {
			isa = PBXGroup;
			children = (
				A35BEBEE8D920AA375D35246 /* Pods-ConcreteChallenge_BrunoChagas.debug.xcconfig */,
				3784465B23FC5A21D1534BBC /* Pods-ConcreteChallenge_BrunoChagas.release.xcconfig */,
				FE546DF162D21AA716E23A64 /* Pods-ConcreteChallenge_BrunoChagasTests.debug.xcconfig */,
				461630AA569412338AD81AB8 /* Pods-ConcreteChallenge_BrunoChagasTests.release.xcconfig */,
				A6189BB845D7A23FBD79FE08 /* Pods-ConcreteChallenge_BrunoChagasUITests.debug.xcconfig */,
				109F92F899122F84F304AC35 /* Pods-ConcreteChallenge_BrunoChagasUITests.release.xcconfig */,
			);
			path = Pods;
			sourceTree = "<group>";
		};
		9E32E24322E8BFD600CB4CE4 = {
			isa = PBXGroup;
			children = (
				9E32E24E22E8BFD600CB4CE4 /* ConcreteChallenge_BrunoChagas */,
				9E32E26322E8BFE200CB4CE4 /* ConcreteChallenge_BrunoChagasTests */,
				9E32E26E22E8BFE200CB4CE4 /* ConcreteChallenge_BrunoChagasUITests */,
				93E1A728379DDF4E6E4235D5 /* Pods */,
				9E32E24D22E8BFD600CB4CE4 /* Products */,
				A1C21454F5D767734073B1E5 /* Frameworks */,
			);
			sourceTree = "<group>";
		};
		9E32E24D22E8BFD600CB4CE4 /* Products */ = {
			isa = PBXGroup;
			children = (
				9E32E24C22E8BFD600CB4CE4 /* ConcreteChallenge_BrunoChagas.app */,
				9E32E26022E8BFE200CB4CE4 /* ConcreteChallenge_BrunoChagasTests.xctest */,
				9E32E26B22E8BFE200CB4CE4 /* ConcreteChallenge_BrunoChagasUITests.xctest */,
			);
			name = Products;
			sourceTree = "<group>";
		};
		9E32E24E22E8BFD600CB4CE4 /* ConcreteChallenge_BrunoChagas */ = {
			isa = PBXGroup;
			children = (
				9E32E24F22E8BFD600CB4CE4 /* AppDelegate.swift */,
				9E818CA022E8C9AD001D45E8 /* LaunchScreen.storyboard */,
				9E32E25B22E8BFE100CB4CE4 /* Info.plist */,
				9E818C5922E8C9AD001D45E8 /* Assets */,
				9E818CA222E8C9AD001D45E8 /* Data */,
				9E7B9EE922F0C2FF0072A94B /* Modules */,
			);
			path = ConcreteChallenge_BrunoChagas;
			sourceTree = "<group>";
		};
		9E32E26322E8BFE200CB4CE4 /* ConcreteChallenge_BrunoChagasTests */ = {
			isa = PBXGroup;
			children = (
				9E32E26422E8BFE200CB4CE4 /* ConcreteChallenge_BrunoChagasTests.swift */,
				9E32E26622E8BFE200CB4CE4 /* Info.plist */,
			);
			path = ConcreteChallenge_BrunoChagasTests;
			sourceTree = "<group>";
		};
		9E32E26E22E8BFE200CB4CE4 /* ConcreteChallenge_BrunoChagasUITests */ = {
			isa = PBXGroup;
			children = (
				9E32E26F22E8BFE200CB4CE4 /* ConcreteChallenge_BrunoChagasUITests.swift */,
				9E32E27122E8BFE200CB4CE4 /* Info.plist */,
			);
			path = ConcreteChallenge_BrunoChagasUITests;
			sourceTree = "<group>";
		};
		9E7B9E9F22EEAEBD0072A94B /* Store */ = {
			isa = PBXGroup;
			children = (
				9E7B9EA222EF367D0072A94B /* LocalDataSaving.swift */,
			);
			path = Store;
			sourceTree = "<group>";
		};
		9E7B9EE922F0C2FF0072A94B /* Modules */ = {
			isa = PBXGroup;
			children = (
				9E7B9EFE22F0C2FF0072A94B /* InitialFlow */,
				9E7B9EF522F0C2FF0072A94B /* ListMovies */,
				9E7B9EED22F0C2FF0072A94B /* FavoriteMovies */,
				9E7B9F0122F0C2FF0072A94B /* MovieDescription */,
				9E7B9F0722F0C2FF0072A94B /* FilterFavorite */,
				9E7B9EEA22F0C2FF0072A94B /* SearchBar */,
			);
			path = Modules;
			sourceTree = "<group>";
		};
		9E7B9EEA22F0C2FF0072A94B /* SearchBar */ = {
			isa = PBXGroup;
			children = (
				9E7B9EEB22F0C2FF0072A94B /* SearchBarView.swift */,
				9E7B9EEC22F0C2FF0072A94B /* SearchBarView.xib */,
			);
			path = SearchBar;
			sourceTree = "<group>";
		};
		9E7B9EED22F0C2FF0072A94B /* FavoriteMovies */ = {
			isa = PBXGroup;
			children = (
				9E7B9EEE22F0C2FF0072A94B /* FavoriteMoviesContract.swift */,
				9E7B9EF022F0C2FF0072A94B /* FavoriteMoviesRouter.swift */,
				9E7B9EF122F0C2FF0072A94B /* FavoriteMoviesViewController.swift */,
				9E7B9EF322F0C2FF0072A94B /* FavoriteMoviesPresenter.swift */,
				9E7B9EEF22F0C2FF0072A94B /* FavoriteMoviesInteractor.swift */,
				9E7B9EF422F0C2FF0072A94B /* FavoriteMovieTableViewCell.swift */,
				9E7B9EF222F0C2FF0072A94B /* FavoriteMovies.storyboard */,
			);
			path = FavoriteMovies;
			sourceTree = "<group>";
		};
		9E7B9EF522F0C2FF0072A94B /* ListMovies */ = {
			isa = PBXGroup;
			children = (
				9E7B9EF822F0C2FF0072A94B /* ListMoviesContract.swift */,
				9E7B9EF622F0C2FF0072A94B /* ListMoviesRouter.swift */,
				9E7B9EFA22F0C2FF0072A94B /* ListMoviesViewController.swift */,
				9E7B9EF722F0C2FF0072A94B /* ListMoviesPresenter.swift */,
				9E7B9EFB22F0C2FF0072A94B /* ListMoviesInteractor.swift */,
				9E7B9EF922F0C2FF0072A94B /* MovieCollectionViewCell.swift */,
				9E7B9EFC22F0C2FF0072A94B /* ListMovies.storyboard */,
			);
			path = ListMovies;
			sourceTree = "<group>";
		};
		9E7B9EFE22F0C2FF0072A94B /* InitialFlow */ = {
			isa = PBXGroup;
			children = (
				9E7B9EFF22F0C2FF0072A94B /* RootRouter.swift */,
				9E7B9F0022F0C2FF0072A94B /* TabBarController.swift */,
				9E7B9EFD22F0C2FF0072A94B /* TabBarController.storyboard */,
			);
			path = InitialFlow;
			sourceTree = "<group>";
		};
		9E7B9F0122F0C2FF0072A94B /* MovieDescription */ = {
			isa = PBXGroup;
			children = (
				9E7B9F0422F0C2FF0072A94B /* MovieDescriptionContract.swift */,
				9E7B9F0522F0C2FF0072A94B /* MovieDescriptionRouter.swift */,
				9E7B9F0622F0C2FF0072A94B /* MovieDescriptionViewController.swift */,
				9E7B9F0222F0C2FF0072A94B /* MovieDescriptionPresenter.swift */,
				9E7B9F0322F0C2FF0072A94B /* MovieDescription.storyboard */,
			);
			path = MovieDescription;
			sourceTree = "<group>";
		};
		9E7B9F0722F0C2FF0072A94B /* FilterFavorite */ = {
			isa = PBXGroup;
			children = (
				9E7B9F0922F0C2FF0072A94B /* FilterFavoriteContract.swift */,
				9E7B9F0822F0C2FF0072A94B /* FilterFavoriteRouter.swift */,
				9E7B9F0C22F0C2FF0072A94B /* FilterFavoriteViewController.swift */,
				9E7B9F0A22F0C2FF0072A94B /* FilterFavoritePresenter.swift */,
				9E7B9F0B22F0C2FF0072A94B /* FilterFavorite.storyboard */,
			);
			path = FilterFavorite;
			sourceTree = "<group>";
		};
		9E818C5622E8C9AD001D45E8 /* Entities */ = {
			isa = PBXGroup;
			children = (
				9E818C5722E8C9AD001D45E8 /* MovieEntity.swift */,
				9E818C5822E8C9AD001D45E8 /* GenreEntity.swift */,
				9E818CEF22E919FA001D45E8 /* PosterEntity.swift */,
				9E818CF122E9F31C001D45E8 /* EntityContract.swift */,
				9E7B9E8C22ECD51E0072A94B /* MoviesAPIResponse.swift */,
				9E7B9E9D22EE5B3A0072A94B /* ColorPalette.swift */,
				9E7B9EA622EF5C880072A94B /* UserSaves.swift */,
			);
			path = Entities;
			sourceTree = "<group>";
		};
		9E818C5922E8C9AD001D45E8 /* Assets */ = {
			isa = PBXGroup;
			children = (
				9E818C5C22E8C9AD001D45E8 /* Assets.xcassets */,
				9E818C5A22E8C9AD001D45E8 /* Splash */,
				9E818C5D22E8C9AD001D45E8 /* AppIcons */,
				9E818C8022E8C9AD001D45E8 /* Icons */,
			);
			path = Assets;
			sourceTree = "<group>";
		};
		9E818C5A22E8C9AD001D45E8 /* Splash */ = {
			isa = PBXGroup;
			children = (
				9E818C5B22E8C9AD001D45E8 /* Splash@3x.png */,
			);
			path = Splash;
			sourceTree = "<group>";
		};
		9E818C5D22E8C9AD001D45E8 /* AppIcons */ = {
			isa = PBXGroup;
			children = (
				9E818C5E22E8C9AD001D45E8 /* Icon-40@3x@3x.png */,
				9E818C5F22E8C9AD001D45E8 /* Icon-40@2x@2x.png */,
				9E818C6022E8C9AD001D45E8 /* Icon-29.png */,
				9E818C6122E8C9AD001D45E8 /* Icon-76@2x.png */,
				9E818C6222E8C9AD001D45E8 /* Icon-40@2x.png */,
				9E818C6322E8C9AD001D45E8 /* Icon-40@3x.png */,
				9E818C6422E8C9AD001D45E8 /* Icon-76@3x.png */,
				9E818C6522E8C9AD001D45E8 /* Icon-40@2x@3x.png */,
				9E818C6622E8C9AD001D45E8 /* Icon-40@3x@2x.png */,
				9E818C6722E8C9AD001D45E8 /* Icon-60@3x.png */,
				9E818C6822E8C9AD001D45E8 /* iTunesArtwork@2x@2x.png */,
				9E818C6922E8C9AD001D45E8 /* Icon-60@2x@2x.png */,
				9E818C6A22E8C9AD001D45E8 /* Icon-29@2x.png */,
				9E818C6B22E8C9AD001D45E8 /* Icon-60@3x@3x.png */,
				9E818C6C22E8C9AD001D45E8 /* Icon-76.png */,
				9E818C6D22E8C9AD001D45E8 /* Icon-29@3x@2x.png */,
				9E818C6E22E8C9AD001D45E8 /* Icon-29@2x@3x.png */,
				9E818C6F22E8C9AD001D45E8 /* Icon-83@2x.png */,
				9E818C7022E8C9AD001D45E8 /* Icon-83@3x.png */,
				9E818C7122E8C9AD001D45E8 /* Icon-29@2x@2x.png */,
				9E818C7222E8C9AD001D45E8 /* Icon-29@3x@3x.png */,
				9E818C7322E8C9AD001D45E8 /* Icon-60@3x@2x.png */,
				9E818C7422E8C9AD001D45E8 /* Icon-60@2x@3x.png */,
				9E818C7522E8C9AD001D45E8 /* Icon-29@3x.png */,
				9E818C7622E8C9AD001D45E8 /* Icon-60@2x.png */,
				9E818C7722E8C9AD001D45E8 /* iTunesArtwork@2x@3x.png */,
				9E818C7822E8C9AD001D45E8 /* Icon-20@3x.png */,
				9E818C7922E8C9AD001D45E8 /* iTunesArtwork@2x.png */,
				9E818C7A22E8C9AD001D45E8 /* Icon-83.png */,
				9E818C7B22E8C9AD001D45E8 /* Icon-40.png */,
				9E818C7C22E8C9AD001D45E8 /* Icon-20@2x.png */,
				9E818C7D22E8C9AD001D45E8 /* Icon-76@2x@2x.png */,
				9E818C7E22E8C9AD001D45E8 /* Icon-20.png */,
				9E818C7F22E8C9AD001D45E8 /* Icon-76@2x@3x.png */,
			);
			path = AppIcons;
			sourceTree = "<group>";
		};
		9E818C8022E8C9AD001D45E8 /* Icons */ = {
			isa = PBXGroup;
			children = (
				9E7B9EA822EFE7AF0072A94B /* movieDBImage.png */,
				9E818C8122E8C9AD001D45E8 /* check_icon.png */,
				9E818C8222E8C9AD001D45E8 /* check_icon@3x.png */,
				9E818C8322E8C9AD001D45E8 /* favorite_full_icon.png */,
				9E818C8422E8C9AD001D45E8 /* search_icon.png */,
				9E818C8522E8C9AD001D45E8 /* check_icon@2x.png */,
				9E818C8622E8C9AD001D45E8 /* favorite_empty_icon@2x.png */,
				9E818C8722E8C9AD001D45E8 /* search_icon@3x.png */,
				9E818C8822E8C9AD001D45E8 /* FilterIcon.png */,
				9E818C8922E8C9AD001D45E8 /* favorite_gray_icon.png */,
				9E818C8A22E8C9AD001D45E8 /* search_icon@2x.png */,
				9E818C8B22E8C9AD001D45E8 /* favorite_empty_icon@3x.png */,
				9E818C8C22E8C9AD001D45E8 /* list_icon@2x.png */,
				9E818C8D22E8C9AD001D45E8 /* favorite_gray_icon@2x.png */,
				9E818C8E22E8C9AD001D45E8 /* favorite_empty_icon.png */,
				9E818C8F22E8C9AD001D45E8 /* favorite_full_icon@2x.png */,
				9E818C9022E8C9AD001D45E8 /* list_icon.png */,
				9E818C9122E8C9AD001D45E8 /* FilterIcon@2x.png */,
				9E818C9222E8C9AD001D45E8 /* FilterIcon@3x.png */,
				9E818C9322E8C9AD001D45E8 /* favorite_full_icon@3x.png */,
				9E818C9422E8C9AD001D45E8 /* favorite_gray_icon@3x.png */,
				9E818C9522E8C9AD001D45E8 /* list_icon@3x.png */,
			);
			path = Icons;
			sourceTree = "<group>";
		};
		9E818CA222E8C9AD001D45E8 /* Data */ = {
			isa = PBXGroup;
			children = (
				9E7B9E9F22EEAEBD0072A94B /* Store */,
				9E818CE622E8D046001D45E8 /* API */,
				9E818C5622E8C9AD001D45E8 /* Entities */,
			);
			path = Data;
			sourceTree = "<group>";
		};
		9E818CE622E8D046001D45E8 /* API */ = {
			isa = PBXGroup;
			children = (
				9E818CE722E8D064001D45E8 /* APIClient.swift */,
			);
			path = API;
			sourceTree = "<group>";
		};
		A1C21454F5D767734073B1E5 /* Frameworks */ = {
			isa = PBXGroup;
			children = (
				7CC5F044664AAD7FDB6365F9 /* Pods_ConcreteChallenge_BrunoChagas.framework */,
				AEDEF456AB54418368682770 /* Pods_ConcreteChallenge_BrunoChagasTests.framework */,
				D9F4F1CBE934E2374759AD0B /* Pods_ConcreteChallenge_BrunoChagasUITests.framework */,
			);
			name = Frameworks;
			sourceTree = "<group>";
		};
/* End PBXGroup section */

/* Begin PBXNativeTarget section */
		9E32E24B22E8BFD600CB4CE4 /* ConcreteChallenge_BrunoChagas */ = {
			isa = PBXNativeTarget;
			buildConfigurationList = 9E32E27422E8BFE200CB4CE4 /* Build configuration list for PBXNativeTarget "ConcreteChallenge_BrunoChagas" */;
			buildPhases = (
				F67385E377F20EE2F7C88727 /* [CP] Check Pods Manifest.lock */,
				9E32E24822E8BFD600CB4CE4 /* Sources */,
				9E32E24922E8BFD600CB4CE4 /* Frameworks */,
				9E32E24A22E8BFD600CB4CE4 /* Resources */,
				9DD226F15FE6AABC0AFA56BF /* [CP] Embed Pods Frameworks */,
			);
			buildRules = (
			);
			dependencies = (
			);
			name = ConcreteChallenge_BrunoChagas;
			productName = ConcreteChallenge_BrunoChagas;
			productReference = 9E32E24C22E8BFD600CB4CE4 /* ConcreteChallenge_BrunoChagas.app */;
			productType = "com.apple.product-type.application";
		};
		9E32E25F22E8BFE200CB4CE4 /* ConcreteChallenge_BrunoChagasTests */ = {
			isa = PBXNativeTarget;
			buildConfigurationList = 9E32E27722E8BFE200CB4CE4 /* Build configuration list for PBXNativeTarget "ConcreteChallenge_BrunoChagasTests" */;
			buildPhases = (
				E3886770BD230B685B800609 /* [CP] Check Pods Manifest.lock */,
				9E32E25C22E8BFE200CB4CE4 /* Sources */,
				9E32E25D22E8BFE200CB4CE4 /* Frameworks */,
				9E32E25E22E8BFE200CB4CE4 /* Resources */,
			);
			buildRules = (
			);
			dependencies = (
				9E32E26222E8BFE200CB4CE4 /* PBXTargetDependency */,
			);
			name = ConcreteChallenge_BrunoChagasTests;
			productName = ConcreteChallenge_BrunoChagasTests;
			productReference = 9E32E26022E8BFE200CB4CE4 /* ConcreteChallenge_BrunoChagasTests.xctest */;
			productType = "com.apple.product-type.bundle.unit-test";
		};
		9E32E26A22E8BFE200CB4CE4 /* ConcreteChallenge_BrunoChagasUITests */ = {
			isa = PBXNativeTarget;
			buildConfigurationList = 9E32E27A22E8BFE200CB4CE4 /* Build configuration list for PBXNativeTarget "ConcreteChallenge_BrunoChagasUITests" */;
			buildPhases = (
				43FD84DEF3BA97FC4BEB27D7 /* [CP] Check Pods Manifest.lock */,
				9E32E26722E8BFE200CB4CE4 /* Sources */,
				9E32E26822E8BFE200CB4CE4 /* Frameworks */,
				9E32E26922E8BFE200CB4CE4 /* Resources */,
			);
			buildRules = (
			);
			dependencies = (
				9E32E26D22E8BFE200CB4CE4 /* PBXTargetDependency */,
			);
			name = ConcreteChallenge_BrunoChagasUITests;
			productName = ConcreteChallenge_BrunoChagasUITests;
			productReference = 9E32E26B22E8BFE200CB4CE4 /* ConcreteChallenge_BrunoChagasUITests.xctest */;
			productType = "com.apple.product-type.bundle.ui-testing";
		};
/* End PBXNativeTarget section */

/* Begin PBXProject section */
		9E32E24422E8BFD600CB4CE4 /* Project object */ = {
			isa = PBXProject;
			attributes = {
				LastSwiftUpdateCheck = 1030;
				LastUpgradeCheck = 1030;
				ORGANIZATIONNAME = "Bruno Chagas";
				TargetAttributes = {
					9E32E24B22E8BFD600CB4CE4 = {
						CreatedOnToolsVersion = 10.3;
					};
					9E32E25F22E8BFE200CB4CE4 = {
						CreatedOnToolsVersion = 10.3;
						TestTargetID = 9E32E24B22E8BFD600CB4CE4;
					};
					9E32E26A22E8BFE200CB4CE4 = {
						CreatedOnToolsVersion = 10.3;
						TestTargetID = 9E32E24B22E8BFD600CB4CE4;
					};
				};
			};
			buildConfigurationList = 9E32E24722E8BFD600CB4CE4 /* Build configuration list for PBXProject "ConcreteChallenge_BrunoChagas" */;
			compatibilityVersion = "Xcode 9.3";
			developmentRegion = en;
			hasScannedForEncodings = 0;
			knownRegions = (
				en,
				Base,
			);
			mainGroup = 9E32E24322E8BFD600CB4CE4;
			productRefGroup = 9E32E24D22E8BFD600CB4CE4 /* Products */;
			projectDirPath = "";
			projectRoot = "";
			targets = (
				9E32E24B22E8BFD600CB4CE4 /* ConcreteChallenge_BrunoChagas */,
				9E32E25F22E8BFE200CB4CE4 /* ConcreteChallenge_BrunoChagasTests */,
				9E32E26A22E8BFE200CB4CE4 /* ConcreteChallenge_BrunoChagasUITests */,
			);
		};
/* End PBXProject section */

/* Begin PBXResourcesBuildPhase section */
		9E32E24A22E8BFD600CB4CE4 /* Resources */ = {
			isa = PBXResourcesBuildPhase;
			buildActionMask = 2147483647;
			files = (
				9E7B9F1D22F0C2FF0072A94B /* TabBarController.storyboard in Resources */,
				9E818CBA22E8C9AD001D45E8 /* Icon-29@2x@2x.png in Resources */,
				9E818CB422E8C9AD001D45E8 /* Icon-60@3x@3x.png in Resources */,
				9E818CBC22E8C9AD001D45E8 /* Icon-60@3x@2x.png in Resources */,
				9E818CB122E8C9AD001D45E8 /* iTunesArtwork@2x@2x.png in Resources */,
				9E818CC122E8C9AD001D45E8 /* Icon-20@3x.png in Resources */,
				9E818CD922E8C9AD001D45E8 /* FilterIcon@2x.png in Resources */,
				9E818CC822E8C9AD001D45E8 /* Icon-76@2x@3x.png in Resources */,
				9E7B9F1322F0C2FF0072A94B /* FavoriteMovies.storyboard in Resources */,
				9E818CE522E8C9AD001D45E8 /* LaunchScreen.storyboard in Resources */,
				9E818CCF22E8C9AD001D45E8 /* search_icon@3x.png in Resources */,
				9E818CAE22E8C9AD001D45E8 /* Icon-40@2x@3x.png in Resources */,
				9E818CDC22E8C9AD001D45E8 /* favorite_gray_icon@3x.png in Resources */,
				9E818CBD22E8C9AD001D45E8 /* Icon-60@2x@3x.png in Resources */,
				9E818CAA22E8C9AD001D45E8 /* Icon-76@2x.png in Resources */,
				9E818CB722E8C9AD001D45E8 /* Icon-29@2x@3x.png in Resources */,
				9E818CBE22E8C9AD001D45E8 /* Icon-29@3x.png in Resources */,
				9E818CBF22E8C9AD001D45E8 /* Icon-60@2x.png in Resources */,
				9E818CC222E8C9AD001D45E8 /* iTunesArtwork@2x.png in Resources */,
				9E818CDD22E8C9AD001D45E8 /* list_icon@3x.png in Resources */,
				9E818CD522E8C9AD001D45E8 /* favorite_gray_icon@2x.png in Resources */,
				9E818CC922E8C9AD001D45E8 /* check_icon.png in Resources */,
				9E7B9F2122F0C2FF0072A94B /* MovieDescription.storyboard in Resources */,
				9E818CDB22E8C9AD001D45E8 /* favorite_full_icon@3x.png in Resources */,
				9E818CA522E8C9AD001D45E8 /* Splash@3x.png in Resources */,
				9E818CD622E8C9AD001D45E8 /* favorite_empty_icon.png in Resources */,
				9E818CB022E8C9AD001D45E8 /* Icon-60@3x.png in Resources */,
				9E818CA722E8C9AD001D45E8 /* Icon-40@3x@3x.png in Resources */,
				9E818CC622E8C9AD001D45E8 /* Icon-76@2x@2x.png in Resources */,
				9E818CA622E8C9AD001D45E8 /* Assets.xcassets in Resources */,
				9E818CD822E8C9AD001D45E8 /* list_icon.png in Resources */,
				9E7B9F2822F0C2FF0072A94B /* FilterFavorite.storyboard in Resources */,
				9E818CC522E8C9AD001D45E8 /* Icon-20@2x.png in Resources */,
				9E818CD722E8C9AD001D45E8 /* favorite_full_icon@2x.png in Resources */,
				9E818CD322E8C9AD001D45E8 /* favorite_empty_icon@3x.png in Resources */,
				9E818CB322E8C9AD001D45E8 /* Icon-29@2x.png in Resources */,
				9E818CC022E8C9AD001D45E8 /* iTunesArtwork@2x@3x.png in Resources */,
				9E818CC322E8C9AD001D45E8 /* Icon-83.png in Resources */,
				9E818CB922E8C9AD001D45E8 /* Icon-83@3x.png in Resources */,
				9E818CA822E8C9AD001D45E8 /* Icon-40@2x@2x.png in Resources */,
				9E7B9F0E22F0C2FF0072A94B /* SearchBarView.xib in Resources */,
				9E818CCD22E8C9AD001D45E8 /* check_icon@2x.png in Resources */,
				9E818CCA22E8C9AD001D45E8 /* check_icon@3x.png in Resources */,
				9E818CCC22E8C9AD001D45E8 /* search_icon.png in Resources */,
				9E7B9F1C22F0C2FF0072A94B /* ListMovies.storyboard in Resources */,
				9E818CC422E8C9AD001D45E8 /* Icon-40.png in Resources */,
				9E818CAF22E8C9AD001D45E8 /* Icon-40@3x@2x.png in Resources */,
				9E818CD022E8C9AD001D45E8 /* FilterIcon.png in Resources */,
				9E7B9EA922EFE7AF0072A94B /* movieDBImage.png in Resources */,
				9E818CD122E8C9AD001D45E8 /* favorite_gray_icon.png in Resources */,
				9E818CA922E8C9AD001D45E8 /* Icon-29.png in Resources */,
				9E818CB222E8C9AD001D45E8 /* Icon-60@2x@2x.png in Resources */,
				9E818CD222E8C9AD001D45E8 /* search_icon@2x.png in Resources */,
				9E818CB622E8C9AD001D45E8 /* Icon-29@3x@2x.png in Resources */,
				9E818CB822E8C9AD001D45E8 /* Icon-83@2x.png in Resources */,
				9E818CAB22E8C9AD001D45E8 /* Icon-40@2x.png in Resources */,
				9E818CCE22E8C9AD001D45E8 /* favorite_empty_icon@2x.png in Resources */,
				9E818CB522E8C9AD001D45E8 /* Icon-76.png in Resources */,
				9E818CD422E8C9AD001D45E8 /* list_icon@2x.png in Resources */,
				9E818CDA22E8C9AD001D45E8 /* FilterIcon@3x.png in Resources */,
				9E818CCB22E8C9AD001D45E8 /* favorite_full_icon.png in Resources */,
				9E818CAC22E8C9AD001D45E8 /* Icon-40@3x.png in Resources */,
				9E818CAD22E8C9AD001D45E8 /* Icon-76@3x.png in Resources */,
				9E818CC722E8C9AD001D45E8 /* Icon-20.png in Resources */,
				9E818CBB22E8C9AD001D45E8 /* Icon-29@3x@3x.png in Resources */,
			);
			runOnlyForDeploymentPostprocessing = 0;
		};
		9E32E25E22E8BFE200CB4CE4 /* Resources */ = {
			isa = PBXResourcesBuildPhase;
			buildActionMask = 2147483647;
			files = (
			);
			runOnlyForDeploymentPostprocessing = 0;
		};
		9E32E26922E8BFE200CB4CE4 /* Resources */ = {
			isa = PBXResourcesBuildPhase;
			buildActionMask = 2147483647;
			files = (
			);
			runOnlyForDeploymentPostprocessing = 0;
		};
/* End PBXResourcesBuildPhase section */

/* Begin PBXShellScriptBuildPhase section */
		43FD84DEF3BA97FC4BEB27D7 /* [CP] Check Pods Manifest.lock */ = {
			isa = PBXShellScriptBuildPhase;
			buildActionMask = 2147483647;
			files = (
			);
			inputFileListPaths = (
			);
			inputPaths = (
				"${PODS_PODFILE_DIR_PATH}/Podfile.lock",
				"${PODS_ROOT}/Manifest.lock",
			);
			name = "[CP] Check Pods Manifest.lock";
			outputFileListPaths = (
			);
			outputPaths = (
				"$(DERIVED_FILE_DIR)/Pods-ConcreteChallenge_BrunoChagasUITests-checkManifestLockResult.txt",
			);
			runOnlyForDeploymentPostprocessing = 0;
			shellPath = /bin/sh;
			shellScript = "diff \"${PODS_PODFILE_DIR_PATH}/Podfile.lock\" \"${PODS_ROOT}/Manifest.lock\" > /dev/null\nif [ $? != 0 ] ; then\n    # print error to STDERR\n    echo \"error: The sandbox is not in sync with the Podfile.lock. Run 'pod install' or update your CocoaPods installation.\" >&2\n    exit 1\nfi\n# This output is used by Xcode 'outputs' to avoid re-running this script phase.\necho \"SUCCESS\" > \"${SCRIPT_OUTPUT_FILE_0}\"\n";
			showEnvVarsInLog = 0;
		};
		9DD226F15FE6AABC0AFA56BF /* [CP] Embed Pods Frameworks */ = {
			isa = PBXShellScriptBuildPhase;
			buildActionMask = 2147483647;
			files = (
			);
			inputFileListPaths = (
				"${PODS_ROOT}/Target Support Files/Pods-ConcreteChallenge_BrunoChagas/Pods-ConcreteChallenge_BrunoChagas-frameworks-${CONFIGURATION}-input-files.xcfilelist",
			);
			name = "[CP] Embed Pods Frameworks";
			outputFileListPaths = (
				"${PODS_ROOT}/Target Support Files/Pods-ConcreteChallenge_BrunoChagas/Pods-ConcreteChallenge_BrunoChagas-frameworks-${CONFIGURATION}-output-files.xcfilelist",
			);
			runOnlyForDeploymentPostprocessing = 0;
			shellPath = /bin/sh;
			shellScript = "\"${PODS_ROOT}/Target Support Files/Pods-ConcreteChallenge_BrunoChagas/Pods-ConcreteChallenge_BrunoChagas-frameworks.sh\"\n";
			showEnvVarsInLog = 0;
		};
		E3886770BD230B685B800609 /* [CP] Check Pods Manifest.lock */ = {
			isa = PBXShellScriptBuildPhase;
			buildActionMask = 2147483647;
			files = (
			);
			inputFileListPaths = (
			);
			inputPaths = (
				"${PODS_PODFILE_DIR_PATH}/Podfile.lock",
				"${PODS_ROOT}/Manifest.lock",
			);
			name = "[CP] Check Pods Manifest.lock";
			outputFileListPaths = (
			);
			outputPaths = (
				"$(DERIVED_FILE_DIR)/Pods-ConcreteChallenge_BrunoChagasTests-checkManifestLockResult.txt",
			);
			runOnlyForDeploymentPostprocessing = 0;
			shellPath = /bin/sh;
			shellScript = "diff \"${PODS_PODFILE_DIR_PATH}/Podfile.lock\" \"${PODS_ROOT}/Manifest.lock\" > /dev/null\nif [ $? != 0 ] ; then\n    # print error to STDERR\n    echo \"error: The sandbox is not in sync with the Podfile.lock. Run 'pod install' or update your CocoaPods installation.\" >&2\n    exit 1\nfi\n# This output is used by Xcode 'outputs' to avoid re-running this script phase.\necho \"SUCCESS\" > \"${SCRIPT_OUTPUT_FILE_0}\"\n";
			showEnvVarsInLog = 0;
		};
		F67385E377F20EE2F7C88727 /* [CP] Check Pods Manifest.lock */ = {
			isa = PBXShellScriptBuildPhase;
			buildActionMask = 2147483647;
			files = (
			);
			inputFileListPaths = (
			);
			inputPaths = (
				"${PODS_PODFILE_DIR_PATH}/Podfile.lock",
				"${PODS_ROOT}/Manifest.lock",
			);
			name = "[CP] Check Pods Manifest.lock";
			outputFileListPaths = (
			);
			outputPaths = (
				"$(DERIVED_FILE_DIR)/Pods-ConcreteChallenge_BrunoChagas-checkManifestLockResult.txt",
			);
			runOnlyForDeploymentPostprocessing = 0;
			shellPath = /bin/sh;
			shellScript = "diff \"${PODS_PODFILE_DIR_PATH}/Podfile.lock\" \"${PODS_ROOT}/Manifest.lock\" > /dev/null\nif [ $? != 0 ] ; then\n    # print error to STDERR\n    echo \"error: The sandbox is not in sync with the Podfile.lock. Run 'pod install' or update your CocoaPods installation.\" >&2\n    exit 1\nfi\n# This output is used by Xcode 'outputs' to avoid re-running this script phase.\necho \"SUCCESS\" > \"${SCRIPT_OUTPUT_FILE_0}\"\n";
			showEnvVarsInLog = 0;
		};
/* End PBXShellScriptBuildPhase section */

/* Begin PBXSourcesBuildPhase section */
		9E32E24822E8BFD600CB4CE4 /* Sources */ = {
			isa = PBXSourcesBuildPhase;
			buildActionMask = 2147483647;
			files = (
				9E7B9F0F22F0C2FF0072A94B /* FavoriteMoviesContract.swift in Sources */,
				9E7B9F1622F0C2FF0072A94B /* ListMoviesRouter.swift in Sources */,
				9E7B9F2022F0C2FF0072A94B /* MovieDescriptionPresenter.swift in Sources */,
				9E818CA322E8C9AD001D45E8 /* MovieEntity.swift in Sources */,
				9E7B9EA722EF5C880072A94B /* UserSaves.swift in Sources */,
				9E7B9F1422F0C2FF0072A94B /* FavoriteMoviesPresenter.swift in Sources */,
				9E7B9F1122F0C2FF0072A94B /* FavoriteMoviesRouter.swift in Sources */,
				9E818CE822E8D064001D45E8 /* APIClient.swift in Sources */,
				9E7B9E8D22ECD51E0072A94B /* MoviesAPIResponse.swift in Sources */,
				9E7B9F2922F0C2FF0072A94B /* FilterFavoriteViewController.swift in Sources */,
				9E7B9F1822F0C2FF0072A94B /* ListMoviesContract.swift in Sources */,
				9E7B9F2522F0C2FF0072A94B /* FilterFavoriteRouter.swift in Sources */,
				9E818CF022E919FA001D45E8 /* PosterEntity.swift in Sources */,
				9E7B9F2422F0C2FF0072A94B /* MovieDescriptionViewController.swift in Sources */,
				9E818CA422E8C9AD001D45E8 /* GenreEntity.swift in Sources */,
				9E32E25022E8BFD600CB4CE4 /* AppDelegate.swift in Sources */,
				9E7B9F2622F0C2FF0072A94B /* FilterFavoriteContract.swift in Sources */,
				9E7B9F1522F0C2FF0072A94B /* FavoriteMovieTableViewCell.swift in Sources */,
				9E7B9F0D22F0C2FF0072A94B /* SearchBarView.swift in Sources */,
				9E818CF222E9F31C001D45E8 /* EntityContract.swift in Sources */,
				9E7B9E9E22EE5B3A0072A94B /* ColorPalette.swift in Sources */,
				9E7B9F1E22F0C2FF0072A94B /* RootRouter.swift in Sources */,
				9E7B9F1B22F0C2FF0072A94B /* ListMoviesInteractor.swift in Sources */,
				9E7B9F2722F0C2FF0072A94B /* FilterFavoritePresenter.swift in Sources */,
				9E7B9F1F22F0C2FF0072A94B /* TabBarController.swift in Sources */,
				9E7B9F2322F0C2FF0072A94B /* MovieDescriptionRouter.swift in Sources */,
				9E7B9F1222F0C2FF0072A94B /* FavoriteMoviesViewController.swift in Sources */,
				9E7B9F2222F0C2FF0072A94B /* MovieDescriptionContract.swift in Sources */,
				9E7B9F1022F0C2FF0072A94B /* FavoriteMoviesInteractor.swift in Sources */,
				9E7B9F1922F0C2FF0072A94B /* MovieCollectionViewCell.swift in Sources */,
				9E7B9EA322EF367E0072A94B /* LocalDataSaving.swift in Sources */,
				9E7B9F1722F0C2FF0072A94B /* ListMoviesPresenter.swift in Sources */,
				9E7B9F1A22F0C2FF0072A94B /* ListMoviesViewController.swift in Sources */,
			);
			runOnlyForDeploymentPostprocessing = 0;
		};
		9E32E25C22E8BFE200CB4CE4 /* Sources */ = {
			isa = PBXSourcesBuildPhase;
			buildActionMask = 2147483647;
			files = (
				9E32E26522E8BFE200CB4CE4 /* ConcreteChallenge_BrunoChagasTests.swift in Sources */,
			);
			runOnlyForDeploymentPostprocessing = 0;
		};
		9E32E26722E8BFE200CB4CE4 /* Sources */ = {
			isa = PBXSourcesBuildPhase;
			buildActionMask = 2147483647;
			files = (
				9E32E27022E8BFE200CB4CE4 /* ConcreteChallenge_BrunoChagasUITests.swift in Sources */,
			);
			runOnlyForDeploymentPostprocessing = 0;
		};
/* End PBXSourcesBuildPhase section */

/* Begin PBXTargetDependency section */
		9E32E26222E8BFE200CB4CE4 /* PBXTargetDependency */ = {
			isa = PBXTargetDependency;
			target = 9E32E24B22E8BFD600CB4CE4 /* ConcreteChallenge_BrunoChagas */;
			targetProxy = 9E32E26122E8BFE200CB4CE4 /* PBXContainerItemProxy */;
		};
		9E32E26D22E8BFE200CB4CE4 /* PBXTargetDependency */ = {
			isa = PBXTargetDependency;
			target = 9E32E24B22E8BFD600CB4CE4 /* ConcreteChallenge_BrunoChagas */;
			targetProxy = 9E32E26C22E8BFE200CB4CE4 /* PBXContainerItemProxy */;
		};
/* End PBXTargetDependency section */

/* Begin PBXVariantGroup section */
		9E818CA022E8C9AD001D45E8 /* LaunchScreen.storyboard */ = {
			isa = PBXVariantGroup;
			children = (
				9E818CA122E8C9AD001D45E8 /* Base */,
			);
			name = LaunchScreen.storyboard;
			sourceTree = "<group>";
		};
/* End PBXVariantGroup section */

/* Begin XCBuildConfiguration section */
		9E32E27222E8BFE200CB4CE4 /* Debug */ = {
			isa = XCBuildConfiguration;
			buildSettings = {
				ALWAYS_SEARCH_USER_PATHS = NO;
				CLANG_ANALYZER_NONNULL = YES;
				CLANG_ANALYZER_NUMBER_OBJECT_CONVERSION = YES_AGGRESSIVE;
				CLANG_CXX_LANGUAGE_STANDARD = "gnu++14";
				CLANG_CXX_LIBRARY = "libc++";
				CLANG_ENABLE_MODULES = YES;
				CLANG_ENABLE_OBJC_ARC = YES;
				CLANG_ENABLE_OBJC_WEAK = YES;
				CLANG_WARN_BLOCK_CAPTURE_AUTORELEASING = YES;
				CLANG_WARN_BOOL_CONVERSION = YES;
				CLANG_WARN_COMMA = YES;
				CLANG_WARN_CONSTANT_CONVERSION = YES;
				CLANG_WARN_DEPRECATED_OBJC_IMPLEMENTATIONS = YES;
				CLANG_WARN_DIRECT_OBJC_ISA_USAGE = YES_ERROR;
				CLANG_WARN_DOCUMENTATION_COMMENTS = YES;
				CLANG_WARN_EMPTY_BODY = YES;
				CLANG_WARN_ENUM_CONVERSION = YES;
				CLANG_WARN_INFINITE_RECURSION = YES;
				CLANG_WARN_INT_CONVERSION = YES;
				CLANG_WARN_NON_LITERAL_NULL_CONVERSION = YES;
				CLANG_WARN_OBJC_IMPLICIT_RETAIN_SELF = YES;
				CLANG_WARN_OBJC_LITERAL_CONVERSION = YES;
				CLANG_WARN_OBJC_ROOT_CLASS = YES_ERROR;
				CLANG_WARN_RANGE_LOOP_ANALYSIS = YES;
				CLANG_WARN_STRICT_PROTOTYPES = YES;
				CLANG_WARN_SUSPICIOUS_MOVE = YES;
				CLANG_WARN_UNGUARDED_AVAILABILITY = YES_AGGRESSIVE;
				CLANG_WARN_UNREACHABLE_CODE = YES;
				CLANG_WARN__DUPLICATE_METHOD_MATCH = YES;
				CODE_SIGN_IDENTITY = "iPhone Developer";
				COPY_PHASE_STRIP = NO;
				DEBUG_INFORMATION_FORMAT = dwarf;
				ENABLE_STRICT_OBJC_MSGSEND = YES;
				ENABLE_TESTABILITY = YES;
				GCC_C_LANGUAGE_STANDARD = gnu11;
				GCC_DYNAMIC_NO_PIC = NO;
				GCC_NO_COMMON_BLOCKS = YES;
				GCC_OPTIMIZATION_LEVEL = 0;
				GCC_PREPROCESSOR_DEFINITIONS = (
					"DEBUG=1",
					"$(inherited)",
				);
				GCC_WARN_64_TO_32_BIT_CONVERSION = YES;
				GCC_WARN_ABOUT_RETURN_TYPE = YES_ERROR;
				GCC_WARN_UNDECLARED_SELECTOR = YES;
				GCC_WARN_UNINITIALIZED_AUTOS = YES_AGGRESSIVE;
				GCC_WARN_UNUSED_FUNCTION = YES;
				GCC_WARN_UNUSED_VARIABLE = YES;
				IPHONEOS_DEPLOYMENT_TARGET = 12.4;
				MTL_ENABLE_DEBUG_INFO = INCLUDE_SOURCE;
				MTL_FAST_MATH = YES;
				ONLY_ACTIVE_ARCH = YES;
				SDKROOT = iphoneos;
				SWIFT_ACTIVE_COMPILATION_CONDITIONS = DEBUG;
				SWIFT_OPTIMIZATION_LEVEL = "-Onone";
				SWIFT_VERSION = 5.0;
			};
			name = Debug;
		};
		9E32E27322E8BFE200CB4CE4 /* Release */ = {
			isa = XCBuildConfiguration;
			buildSettings = {
				ALWAYS_SEARCH_USER_PATHS = NO;
				CLANG_ANALYZER_NONNULL = YES;
				CLANG_ANALYZER_NUMBER_OBJECT_CONVERSION = YES_AGGRESSIVE;
				CLANG_CXX_LANGUAGE_STANDARD = "gnu++14";
				CLANG_CXX_LIBRARY = "libc++";
				CLANG_ENABLE_MODULES = YES;
				CLANG_ENABLE_OBJC_ARC = YES;
				CLANG_ENABLE_OBJC_WEAK = YES;
				CLANG_WARN_BLOCK_CAPTURE_AUTORELEASING = YES;
				CLANG_WARN_BOOL_CONVERSION = YES;
				CLANG_WARN_COMMA = YES;
				CLANG_WARN_CONSTANT_CONVERSION = YES;
				CLANG_WARN_DEPRECATED_OBJC_IMPLEMENTATIONS = YES;
				CLANG_WARN_DIRECT_OBJC_ISA_USAGE = YES_ERROR;
				CLANG_WARN_DOCUMENTATION_COMMENTS = YES;
				CLANG_WARN_EMPTY_BODY = YES;
				CLANG_WARN_ENUM_CONVERSION = YES;
				CLANG_WARN_INFINITE_RECURSION = YES;
				CLANG_WARN_INT_CONVERSION = YES;
				CLANG_WARN_NON_LITERAL_NULL_CONVERSION = YES;
				CLANG_WARN_OBJC_IMPLICIT_RETAIN_SELF = YES;
				CLANG_WARN_OBJC_LITERAL_CONVERSION = YES;
				CLANG_WARN_OBJC_ROOT_CLASS = YES_ERROR;
				CLANG_WARN_RANGE_LOOP_ANALYSIS = YES;
				CLANG_WARN_STRICT_PROTOTYPES = YES;
				CLANG_WARN_SUSPICIOUS_MOVE = YES;
				CLANG_WARN_UNGUARDED_AVAILABILITY = YES_AGGRESSIVE;
				CLANG_WARN_UNREACHABLE_CODE = YES;
				CLANG_WARN__DUPLICATE_METHOD_MATCH = YES;
				CODE_SIGN_IDENTITY = "iPhone Developer";
				COPY_PHASE_STRIP = NO;
				DEBUG_INFORMATION_FORMAT = "dwarf-with-dsym";
				ENABLE_NS_ASSERTIONS = NO;
				ENABLE_STRICT_OBJC_MSGSEND = YES;
				GCC_C_LANGUAGE_STANDARD = gnu11;
				GCC_NO_COMMON_BLOCKS = YES;
				GCC_WARN_64_TO_32_BIT_CONVERSION = YES;
				GCC_WARN_ABOUT_RETURN_TYPE = YES_ERROR;
				GCC_WARN_UNDECLARED_SELECTOR = YES;
				GCC_WARN_UNINITIALIZED_AUTOS = YES_AGGRESSIVE;
				GCC_WARN_UNUSED_FUNCTION = YES;
				GCC_WARN_UNUSED_VARIABLE = YES;
				IPHONEOS_DEPLOYMENT_TARGET = 12.4;
				MTL_ENABLE_DEBUG_INFO = NO;
				MTL_FAST_MATH = YES;
				SDKROOT = iphoneos;
				SWIFT_COMPILATION_MODE = wholemodule;
				SWIFT_OPTIMIZATION_LEVEL = "-O";
				SWIFT_VERSION = 5.0;
				VALIDATE_PRODUCT = YES;
			};
			name = Release;
		};
		9E32E27522E8BFE200CB4CE4 /* Debug */ = {
			isa = XCBuildConfiguration;
			baseConfigurationReference = A35BEBEE8D920AA375D35246 /* Pods-ConcreteChallenge_BrunoChagas.debug.xcconfig */;
			buildSettings = {
				ASSETCATALOG_COMPILER_APPICON_NAME = AppIcon;
				CODE_SIGN_STYLE = Automatic;
				DEVELOPMENT_TEAM = XB3C2V95Z9;
				INFOPLIST_FILE = ConcreteChallenge_BrunoChagas/Info.plist;
				IPHONEOS_DEPLOYMENT_TARGET = 12.3;
				LD_RUNPATH_SEARCH_PATHS = (
					"$(inherited)",
					"@executable_path/Frameworks",
				);
				PRODUCT_BUNDLE_IDENTIFIER = "br.com.brunochagas.ConcreteChallenge-BrunoChagas";
				PRODUCT_NAME = "$(TARGET_NAME)";
				SWIFT_VERSION = 5.0;
				TARGETED_DEVICE_FAMILY = "1,2";
			};
			name = Debug;
		};
		9E32E27622E8BFE200CB4CE4 /* Release */ = {
			isa = XCBuildConfiguration;
			baseConfigurationReference = 3784465B23FC5A21D1534BBC /* Pods-ConcreteChallenge_BrunoChagas.release.xcconfig */;
			buildSettings = {
				ASSETCATALOG_COMPILER_APPICON_NAME = AppIcon;
				CODE_SIGN_STYLE = Automatic;
				DEVELOPMENT_TEAM = XB3C2V95Z9;
				INFOPLIST_FILE = ConcreteChallenge_BrunoChagas/Info.plist;
				IPHONEOS_DEPLOYMENT_TARGET = 12.3;
				LD_RUNPATH_SEARCH_PATHS = (
					"$(inherited)",
					"@executable_path/Frameworks",
				);
				PRODUCT_BUNDLE_IDENTIFIER = "br.com.brunochagas.ConcreteChallenge-BrunoChagas";
				PRODUCT_NAME = "$(TARGET_NAME)";
				SWIFT_VERSION = 5.0;
				TARGETED_DEVICE_FAMILY = "1,2";
			};
			name = Release;
		};
		9E32E27822E8BFE200CB4CE4 /* Debug */ = {
			isa = XCBuildConfiguration;
			baseConfigurationReference = FE546DF162D21AA716E23A64 /* Pods-ConcreteChallenge_BrunoChagasTests.debug.xcconfig */;
			buildSettings = {
				ALWAYS_EMBED_SWIFT_STANDARD_LIBRARIES = YES;
				BUNDLE_LOADER = "$(TEST_HOST)";
				CODE_SIGN_STYLE = Automatic;
				DEVELOPMENT_TEAM = XB3C2V95Z9;
				INFOPLIST_FILE = ConcreteChallenge_BrunoChagasTests/Info.plist;
				LD_RUNPATH_SEARCH_PATHS = (
					"$(inherited)",
					"@executable_path/Frameworks",
					"@loader_path/Frameworks",
				);
				PRODUCT_BUNDLE_IDENTIFIER = "br.com.brunochagas.ConcreteChallenge-BrunoChagasTests";
				PRODUCT_NAME = "$(TARGET_NAME)";
				SWIFT_VERSION = 5.0;
				TARGETED_DEVICE_FAMILY = "1,2";
				TEST_HOST = "$(BUILT_PRODUCTS_DIR)/ConcreteChallenge_BrunoChagas.app/ConcreteChallenge_BrunoChagas";
			};
			name = Debug;
		};
		9E32E27922E8BFE200CB4CE4 /* Release */ = {
			isa = XCBuildConfiguration;
			baseConfigurationReference = 461630AA569412338AD81AB8 /* Pods-ConcreteChallenge_BrunoChagasTests.release.xcconfig */;
			buildSettings = {
				ALWAYS_EMBED_SWIFT_STANDARD_LIBRARIES = YES;
				BUNDLE_LOADER = "$(TEST_HOST)";
				CODE_SIGN_STYLE = Automatic;
				DEVELOPMENT_TEAM = XB3C2V95Z9;
				INFOPLIST_FILE = ConcreteChallenge_BrunoChagasTests/Info.plist;
				LD_RUNPATH_SEARCH_PATHS = (
					"$(inherited)",
					"@executable_path/Frameworks",
					"@loader_path/Frameworks",
				);
				PRODUCT_BUNDLE_IDENTIFIER = "br.com.brunochagas.ConcreteChallenge-BrunoChagasTests";
				PRODUCT_NAME = "$(TARGET_NAME)";
				SWIFT_VERSION = 5.0;
				TARGETED_DEVICE_FAMILY = "1,2";
				TEST_HOST = "$(BUILT_PRODUCTS_DIR)/ConcreteChallenge_BrunoChagas.app/ConcreteChallenge_BrunoChagas";
			};
			name = Release;
		};
		9E32E27B22E8BFE200CB4CE4 /* Debug */ = {
			isa = XCBuildConfiguration;
			baseConfigurationReference = A6189BB845D7A23FBD79FE08 /* Pods-ConcreteChallenge_BrunoChagasUITests.debug.xcconfig */;
			buildSettings = {
				ALWAYS_EMBED_SWIFT_STANDARD_LIBRARIES = YES;
				CODE_SIGN_STYLE = Automatic;
				DEVELOPMENT_TEAM = XB3C2V95Z9;
				INFOPLIST_FILE = ConcreteChallenge_BrunoChagasUITests/Info.plist;
				LD_RUNPATH_SEARCH_PATHS = (
					"$(inherited)",
					"@executable_path/Frameworks",
					"@loader_path/Frameworks",
				);
				PRODUCT_BUNDLE_IDENTIFIER = "br.com.brunochagas.ConcreteChallenge-BrunoChagasUITests";
				PRODUCT_NAME = "$(TARGET_NAME)";
				SWIFT_VERSION = 5.0;
				TARGETED_DEVICE_FAMILY = "1,2";
				TEST_TARGET_NAME = ConcreteChallenge_BrunoChagas;
			};
			name = Debug;
		};
		9E32E27C22E8BFE200CB4CE4 /* Release */ = {
			isa = XCBuildConfiguration;
			baseConfigurationReference = 109F92F899122F84F304AC35 /* Pods-ConcreteChallenge_BrunoChagasUITests.release.xcconfig */;
			buildSettings = {
				ALWAYS_EMBED_SWIFT_STANDARD_LIBRARIES = YES;
				CODE_SIGN_STYLE = Automatic;
				DEVELOPMENT_TEAM = XB3C2V95Z9;
				INFOPLIST_FILE = ConcreteChallenge_BrunoChagasUITests/Info.plist;
				LD_RUNPATH_SEARCH_PATHS = (
					"$(inherited)",
					"@executable_path/Frameworks",
					"@loader_path/Frameworks",
				);
				PRODUCT_BUNDLE_IDENTIFIER = "br.com.brunochagas.ConcreteChallenge-BrunoChagasUITests";
				PRODUCT_NAME = "$(TARGET_NAME)";
				SWIFT_VERSION = 5.0;
				TARGETED_DEVICE_FAMILY = "1,2";
				TEST_TARGET_NAME = ConcreteChallenge_BrunoChagas;
			};
			name = Release;
		};
/* End XCBuildConfiguration section */

/* Begin XCConfigurationList section */
		9E32E24722E8BFD600CB4CE4 /* Build configuration list for PBXProject "ConcreteChallenge_BrunoChagas" */ = {
			isa = XCConfigurationList;
			buildConfigurations = (
				9E32E27222E8BFE200CB4CE4 /* Debug */,
				9E32E27322E8BFE200CB4CE4 /* Release */,
			);
			defaultConfigurationIsVisible = 0;
			defaultConfigurationName = Release;
		};
		9E32E27422E8BFE200CB4CE4 /* Build configuration list for PBXNativeTarget "ConcreteChallenge_BrunoChagas" */ = {
			isa = XCConfigurationList;
			buildConfigurations = (
				9E32E27522E8BFE200CB4CE4 /* Debug */,
				9E32E27622E8BFE200CB4CE4 /* Release */,
			);
			defaultConfigurationIsVisible = 0;
			defaultConfigurationName = Release;
		};
		9E32E27722E8BFE200CB4CE4 /* Build configuration list for PBXNativeTarget "ConcreteChallenge_BrunoChagasTests" */ = {
			isa = XCConfigurationList;
			buildConfigurations = (
				9E32E27822E8BFE200CB4CE4 /* Debug */,
				9E32E27922E8BFE200CB4CE4 /* Release */,
			);
			defaultConfigurationIsVisible = 0;
			defaultConfigurationName = Release;
		};
		9E32E27A22E8BFE200CB4CE4 /* Build configuration list for PBXNativeTarget "ConcreteChallenge_BrunoChagasUITests" */ = {
			isa = XCConfigurationList;
			buildConfigurations = (
				9E32E27B22E8BFE200CB4CE4 /* Debug */,
				9E32E27C22E8BFE200CB4CE4 /* Release */,
			);
			defaultConfigurationIsVisible = 0;
			defaultConfigurationName = Release;
		};
/* End XCConfigurationList section */
	};
	rootObject = 9E32E24422E8BFD600CB4CE4 /* Project object */;
}
